{
  "version": 4,
  "terraform_version": "1.3.7",
  "serial": 8,
  "lineage": "19c27fe4-dbd8-476e-6b90-cc718717cbea",
  "outputs": {
    "cluster_client_certificate": {
      "value": "LS0tLS1CRUdJTiBDRVJUSUZJQ0FURS0tLS0tCk1JSUZIakNDQXdhZ0F3SUJBZ0lSQVAyZHhuTEJLZ3d4WHJNWEloVDBCRm93RFFZSktvWklodmNOQVFFTEJRQXcKRFRFTE1Ba0dBMVVFQXhNQ1kyRXdIaGNOTWpNd01qRTJNRE14TWpNM1doY05NalV3TWpFMk1ETXlNak0zV2pBdwpNUmN3RlFZRFZRUUtFdzV6ZVhOMFpXMDZiV0Z6ZEdWeWN6RVZNQk1HQTFVRUF4TU1iV0Z6ZEdWeVkyeHBaVzUwCk1JSUNJakFOQmdrcWhraUc5dzBCQVFFRkFBT0NBZzhBTUlJQ0NnS0NBZ0VBdjlVODE0ZDZyMDkyVVJQbG5GM3AKL2FEdGt6NHBMbXF6N3VKb0xWQVBHSDlHQVkxOXRWMitLTXRZQTlweXFqZjFPK0NEdytEaHRLajR2RXd0RU9MeQpNTDVhdytobFlsNmNoNGc2ajVJemhjTGtrR0xoOXBONGlsdktHaDJDMXR2TXJsVVI4VUxIeWh1Rjd0eHVTRHJICnR1TC9FYjdHdkpKNU9kc2lIVkRyZzRBRUlpekpyRVlzcXo0aWlHMURCc0hIb2NCSXRDMFRLbzFZUlNYcHcweHoKeUxuOTdZb2dkelRjY21RNGYzOGtFSGNRZE5HL1FhSy9zN05GcUlzYjYxTzFPNDFDdjh2SkFkVkdLZDBFWXEvTgpBUnYwdTJIRDN5QTJLK3p3LzRIVDQxRFBqeU9DYWxmTk9LUGpMUklmY1lzSzloMXBxUHUrNm1uZlhBOHVETzRPCjFDZ1BWdklXNlBWN1BIZ3BTaEdqcXdIMHlLcXpZZXc3bUljUTNyUFdWRVFUVGgvSmYvdHVYOTBBbkUvbDR5MlkKVnlzdnF3RVFhR2s1YWt4dG1nSVRaZDhBSW1uS1FOalRBWEl6Q1U3K09zTytJTTErRE1wVUptMGVzMlZzRWFUaQoxVFJjZkV1UXlCSDBTYzJLQ3hSa1dRTmo2a0dPWFUyMURpb29HZFhqcVY2cUtrRmNTc3BMTExGTkllUDNEMlNKCmE4Z0dXaml0Zk9xbnlTbzB0dDlYS0MzZjhnbCsxWTBQZk4yYXRqMUdoY1cvQUdZRVgyMS9SdVNKelZwaXpqaHoKWkwvalY4NTVJMVVoVjFFU3N6ekhwbkQ5QVFnNDdMTzJxZXVNc1FBQUJBRlpPV2QrV0Qxd0pYL1VNbzl4cWpmUApTWDhHbUFKam1INzE2Q205cWhiVW84TUNBd0VBQWFOV01GUXdEZ1lEVlIwUEFRSC9CQVFEQWdXZ01CTUdBMVVkCkpRUU1NQW9HQ0NzR0FRVUZCd01DTUF3R0ExVWRFd0VCL3dRQ01BQXdId1lEVlIwakJCZ3dGb0FVMTFVcFVOVnkKYWVMV0NkUWc2bUsxQ1NiRkc1RXdEUVlKS29aSWh2Y05BUUVMQlFBRGdnSUJBR2VBSG91RWlOdENEd2U2Unk4RwpGekdyU3dNMnFVRlQwZDJZaUl4RzVDVUxxRG1pREtjZjM2cnZUa3VhOVFacnRiZURoaGR1NCtacU5neGJQaTVDCm1Bc2VKVWVIR2RvWGxuWThoWGRwcG9HWGNsZ3YzL2hKWVA1Y3Q4dUVUVUxTTUVTWGtZalFqS3owUUdJeDFzVkkKZ0R3cXZhZ0Y2bjY3OHlDWDRYbWdjcC8xVFdJemxRRS9VMTZOZEZPdlgxQ3FSbEdxNnh0ejROSWxNTlZCRXFUYgpEUkY3Y0JSc1lhY1M5MkU1WDZKdDFEOEs4cFhndXpIUmFjdkxSdjIyY2tPc0pLcFZtUjQxRmI0MUZ0YzFvZnF2CnZicnlYRlQrN1NuR3ZzZ1Uwdld1aXZNenI1MThScUEwUjNBM2VYaHdWaFg0Qm1qNzJXUG9uZzJUMEVSdk14QXoKb1dISlJsQWpNVFVSb2ZTK09zL3VySmJZdkU5ZTlTcnlaSU8rSGUyVE92TmowRENCdHQ5YXcwMFlHYkpBbEg4bAppWnlyR1ZGa3FrVGtYRHJHd1J2NU1zTzJyTmpFVlY0VU5zRS91SW1ZRVpocTdnMkRDWkcwUzVYam9KOVR1aUJqCmJuWEV1MGhVb201UkhpbmVmWmlieXl5cFY4SXgrMEVXT0piVWpnb1RKQTJ6SlpWb3VlcXJHQkNCd0VxZEJlS3YKeFhnTWxTMjlOYTR0Mjl0VEd1RXlHR253OXFRSkhzUVgrdmFLcWpQQkRkVmViemdqZUZmczBKUVk5c25PVGhRWgp5S3JLVHNEenlSVXFlVzZXTnY1b0twZGo2TDRmSStaYVdyUm9DSGgzMndLeTdkK1A3ejFGUVJUc0pCem1uVThECkgxM1JmaUhVK3VPZ1RrRmtKalJVMGViWAotLS0tLUVORCBDRVJUSUZJQ0FURS0tLS0tCg==",
      "type": "string",
      "sensitive": true
    },
    "cluster_client_key": {
      "value": "LS0tLS1CRUdJTiBSU0EgUFJJVkFURSBLRVktLS0tLQpNSUlKS1FJQkFBS0NBZ0VBdjlVODE0ZDZyMDkyVVJQbG5GM3AvYUR0a3o0cExtcXo3dUpvTFZBUEdIOUdBWTE5CnRWMitLTXRZQTlweXFqZjFPK0NEdytEaHRLajR2RXd0RU9MeU1MNWF3K2hsWWw2Y2g0ZzZqNUl6aGNMa2tHTGgKOXBONGlsdktHaDJDMXR2TXJsVVI4VUxIeWh1Rjd0eHVTRHJIdHVML0ViN0d2Sko1T2RzaUhWRHJnNEFFSWl6SgpyRVlzcXo0aWlHMURCc0hIb2NCSXRDMFRLbzFZUlNYcHcweHp5TG45N1lvZ2R6VGNjbVE0ZjM4a0VIY1FkTkcvClFhSy9zN05GcUlzYjYxTzFPNDFDdjh2SkFkVkdLZDBFWXEvTkFSdjB1MkhEM3lBMksrencvNEhUNDFEUGp5T0MKYWxmTk9LUGpMUklmY1lzSzloMXBxUHUrNm1uZlhBOHVETzRPMUNnUFZ2SVc2UFY3UEhncFNoR2pxd0gweUtxegpZZXc3bUljUTNyUFdWRVFUVGgvSmYvdHVYOTBBbkUvbDR5MllWeXN2cXdFUWFHazVha3h0bWdJVFpkOEFJbW5LClFOalRBWEl6Q1U3K09zTytJTTErRE1wVUptMGVzMlZzRWFUaTFUUmNmRXVReUJIMFNjMktDeFJrV1FOajZrR08KWFUyMURpb29HZFhqcVY2cUtrRmNTc3BMTExGTkllUDNEMlNKYThnR1dqaXRmT3FueVNvMHR0OVhLQzNmOGdsKwoxWTBQZk4yYXRqMUdoY1cvQUdZRVgyMS9SdVNKelZwaXpqaHpaTC9qVjg1NUkxVWhWMUVTc3p6SHBuRDlBUWc0CjdMTzJxZXVNc1FBQUJBRlpPV2QrV0Qxd0pYL1VNbzl4cWpmUFNYOEdtQUpqbUg3MTZDbTlxaGJVbzhNQ0F3RUEKQVFLQ0FnQUZHdGVUcExkUEV2NURDaFNDSkwybFVqTUFTQmN3ZFFaMHhQR2d3eENqeGo5R3EwMDlGbEdKSkdBagpPaHp6Q3Fvci9iMkQ2T2dZdHFabjNGOFdvL050K0tMUnM4MSs0S1dwdGFaWlM3cXpSSXh3aXpFWUxyUjJlaHJXCnR4SlVSV1VjL29hTHRRczhCWjk2eThMamlTem5ZUU1JcGRzRUNhSFFPRlNnRXhjeFdLYkRnZzJiMkFJNFRGNysKNG1sMk5KSHJiQUtEU08vSm9obEhQY3NLdDI0ZFdWVzRqSVJ3cDZkMkk5U2REL1VWdXhWbEJtL2dmMFE2cy9xVwprWjBjbGcyc21BVyt0TjJVZnVodkZNS1pIYlNHNHdlUU5QblJaam9LMFROWW1VdmFNTHhWUXN5bHA5QitRVjQ2ClJORXhaRkhXV3RJRS9TNEhidW5TdVZTd1kyVmhsQ0dtWE5qTE5mS1hRWll1U09tQzE5dkR4U09mdDI4ZEF3SjYKS3I1Tkdla1VMek45anliSDg3Y2ZCTUg1S09zd0N6UWJ1UmtYdUJaWEhJU2ljWDVwbnhjY05qWVU0blZrWUFKUApMZXpVZHFyMzB5ZDhncHlkMmpHWnQxV0R2dXh5d3JvaFhqWGJjcW5CN3RReStBa2pGd1FSTkpLOXBVMkZhSnlMCjNORERWMTBMRnZ0Rkp1RVRZS2NydTYwbUJsbGNudnVETXBQTUIxaXRxRHlONkt3YWx4NitqZFBhV2x1cVFZVFAKSmh0QUo3M2NDNzFRRXJYeU1pcmlMdlI0RXY5bTRDSlZIekYwNnpSZjczWXhaRG9HTmdUdlZOaEgvUk0vMHVDRQpCUCsvVXhlckltYUJUVjViZHFFcmRKQUpFY3BiU1Jwd0xlSldWVGczQXdNanlINGhnUUtDQVFFQTVtdk9ZWU5BCmxVOTlBcCtsNXlSVkFpWkN0cno0bFl0enJiUXZ2cnVWYVJIRmx6VnZYSG1IK0NzYy9uNXFjWXZ6N2tPb1BEclcKU1FmWnpYdHFydkdzTW9YL2ZKMWt1SzRCUWkvWkF5Z3QrLzBMbHpGaVNZVGNOaUI4Q2pxTk5heC8vdlhPZUdxcApGK3FhaTc2c204ckpBb1hHR08vUTR4MXQ4VkVnYTJON1Q5M05sckNaVEY5YVB5Q29tYWxHKzhmVjlraEpsSVNHCmxVcHRjWWZreWJqMDkrSUxMWWp6QmJDZ1ZucHM4aGMxRmJMYVcyaTl2WXk4dU9RaXNFSGxmNkJ1dk8rVEFvYUkKaWVBNVJtWnVpblJEZmh0eFdtL2oyQ1pUZHFqbU5uVllPV0tTUmdFTW1EeVNMbHBHS2pydDZ6aXJzRXVHTk9jTgp3TmZKMzFWUlU5cVVsd0tDQVFFQTFTRFJsNzhaUzFzaGZQV3laQkdTM01nZWV4anRsa1hObzJzd2lpeGlEY1MvCnIyRGU2WG1zRS9GSGpsS2p3blRDbCtpbE8rZzladS9yckRIQUNqTGg5NGFSdEhpOFZ3REVyZHRobFRxd3E2ZDQKSVVOU0h5MHFydHBwdHVjVlpjb01oYlh1WEtnNTZOVlhHUGU2bnIvYkl3dm9MTHpCUVFiSm1OaXFpWWN6NlNueQpZMGRGSThKanpwSCt2bTVwODJwQUMwT2QxczJTRGpjTHU5K1dtZ1VQZ2lCTVdtN1FBSjJZMU1TWGkydDEwNUYyCjFaQ0F6WmlTWDc3YzQ5NGRwUEFMTjU1eVh2SUFSbDREcE1oVG00TXM3SXc1c1YxMmRPeGpwaWs5RDNLTTFRZGEKZnpHWWxNK2pCdENFTnVjNjIxbjdQcC9mUW94ZEFuRGZsQkxNZkR5enRRS0NBUUVBa0ZoU3BqV1IzTGM1NmMzWApJVEJhYklsSlc2NlB6eWJYNWFZdURyNzJQeWJaNy9xU2M0elNoNzJDWVU4U0lXVjUvdlcxUzEzVVpWV2N0S091CjFqOGhEMWx3RGtHUEdqNHZIYVpadlNlTGZ3TXJJcURXSUpZeFdWc0tPV0lxbWNnaE9yZ0RpdDNPWmVRYXdwWkYKRFNlQXVxclF5VWhhUkJ4b2hqYTdKMnJma2MyeC84ZExrVk5lZHBOZjZ6cm04ODFoRlBKOTNhTVRxQ3hDMlU4MwpITU5YK24xSllWSWNZNkVkSUc5N0ZrRkJpUUZNMXR5TG1GVzAxK0phZEs0ak5jdHI4OEhsQnp6K0JkbElKL2o5CklKRHF3dkl3Rldab2hqeWtKbjV5RVFWN3FoODg0TXZCZHhEaXhsVFpCWlY2KzlLNWd5d2N1OEZPbFZMWTdLWkcKMTAvanF3S0NBUUF3TmhsVGMxWWNkc1B2aVlET0pDK05vL05KTTAxalplenJuNjYrUXVYM2FWOVhJOW1wQk80SgpJTlpuK29leTBFaklwa2JpYzFtWWRJTmlVMnEybytYNzRVUUtpQmxLc1JETXAwaSt3aVQrMzRaTU4vZFd1QmZrCnIrR2tEMGdHMjVyVGtHRVlNckhPMnB1Mk9Tdk5CMmRoMlNxdkhBKzNUdnJCaVptaVBLUmdoUzJnaVptNVNocmIKdXFqZW1RbDhsN2RmRk8rYWpLd1NiUjlKWTMyazM2b3ZiSEQ1TUFIN2Nhc0Z6bWJka2ZSNFpIcDJPeGIzNnlDSgphaHA3clY0VlZudWpIRU9RK0x0Wkw2RXhZR09SVlM0UFlIVVlpeVRsdENlaWljZVhPL2xob3lVMGlwcVNaeG5nCnk4QnN6d2ZBWU8xMXNDS0g0a3FUNThhYnIxajBiYUxWQW9JQkFRQ0JJRThocFM2MVZkQkNNeXgvYklpWjZhSVoKK0RYY0xTSDBMZWEvbW83bHJUczFPOVMvVWZYZmcyYkRNSXB4V0FDdTFqaE5xVC9iRWVYY3ZnNno2YzM0TUxZVAp6VlYrdzZra2JPTW9DTEdOaW5EZ3lwRmZCTU1Tcys0a1ZoVHQ5aDhNRHZxcHZwS0hqZDJiS1QyL3NBeEcvNTZGCks3eWVKb3BjVVdMeW1IZ053ODFsazBHaE5OaFdVc1RBVE5NNk12M2N6TmNJSGZqSXRUUVNGanR0YkZZdU56RjQKSVJmLzJRdS8wNXhIdHlTSTZOTWhnWm5IZk1SWjl0VDM2RHZTV2Q4WlhLZmxXWE50UHVsQ0l4cVplOHE1YnNBagpyb3VMclFhVVZyeW5FOWRLYVcvRVFsU3FOM0ZteGNFTml1TTBpb28rcjhGK2lHVWNmMFhoaWVUYi9oeHEKLS0tLS1FTkQgUlNBIFBSSVZBVEUgS0VZLS0tLS0K",
      "type": "string",
      "sensitive": true
    },
    "cluster_cluster_ca_certificate": {
      "value": "LS0tLS1CRUdJTiBDRVJUSUZJQ0FURS0tLS0tCk1JSUU2RENDQXRDZ0F3SUJBZ0lRYkZJVkJUVFU2RlBuVUNVMFJyMkV4VEFOQmdrcWhraUc5dzBCQVFzRkFEQU4KTVFzd0NRWURWUVFERXdKallUQWdGdzB5TXpBeU1UWXdNekV5TXpkYUdBOHlNRFV6TURJeE5qQXpNakl6TjFvdwpEVEVMTUFrR0ExVUVBeE1DWTJFd2dnSWlNQTBHQ1NxR1NJYjNEUUVCQVFVQUE0SUNEd0F3Z2dJS0FvSUNBUURSCmgyeHhIM0Q5NDBFSG81M0hBeTZKTnlJN0tvT2hKd0tNWWRpRlVNVThqVy9UeDdCYTljWElXVXIyK29JQkdSVTcKcVc0eWZLLzc2VEhiWk5jb2U0ZWladVpHbUF1eXM2YWZGNHJ2U1pkUWxINGg2Y0hHK2h6MTdqYTFQWE1neHNBeApLUXViMEFMQWxFWHBDUEJKb29SZU13SUNNUlJwMzdWSmJjV1d0WFhVYVBicXR2U3JUR3dmZklQVFFzVzdQeEJxCjRtd0xOTC9OYkI1OTFKUHc1VjRFd1NPdDhnSWVweTAvamhLb0lxTzJ4WkJNaXVKMEZIS282ODVyQmNXRGI0RHcKd2w4SHZ6a0tObkNBRVBhb29tU2JaNk85THpISkljUDdwOE50SU54OFQ4Y1BrYUxkekdsb0VhSUgvQ2xUcmFYSQpOVVJ3OGtHV1d3S0xtZUpjUDhpK21wNzRMNzNQMFlUTXExU1FQbG9iaFYxcXVUNjN2YnoxOXVlUkJBWE81OExhCmVXRU51TmdQckkxMzFhQXd1cXQvZlpkRjZYdUpNbTF0M0FSb29FUkFKVExnMVRlSTMwK2tQNEhSZ2ZERVpQeU4KUUljdkpTMys5bWptUy9aT1EyODBFenp4QTBFcGRKNm1SQUJBS2pIODhDcDIzNTVZbE05RWZQcHNORXJ2dk1IZApZWTJwTTRvNURtWUNpTXMvRGk4SzFBT3lRWGxhU2lqR1M5cERucFlsZjNpcHJhZUxVbHZYTWtpTDQyQVFYamRMCkFvZ01zanlya2xWYkIvWHB3SHkzVGFOeXBCeGxKdUNyYWx0SUM0UVZnV3B3MWI2TmhZdncxOWhqOTBEU2h5S0YKSVNyelJIRlM3SjVEb0ttWDVPTUVFcGxpVUlYclVidkcyU0pEOGdTMGd3SURBUUFCbzBJd1FEQU9CZ05WSFE4QgpBZjhFQkFNQ0FxUXdEd1lEVlIwVEFRSC9CQVV3QXdFQi96QWRCZ05WSFE0RUZnUVUxMVVwVU5WeWFlTFdDZFFnCjZtSzFDU2JGRzVFd0RRWUpLb1pJaHZjTkFRRUxCUUFEZ2dJQkFDUG5xc1FIQUdpTm1McUo1QXQ0Z3ZEbDFQRDcKZEZjcWdOQjJCMnQ4ZE96c3IvNjVEcHErWEpUR0FaUTcxWTRqdk5rcjN6MGd1ODVvOWlwQk9YS2xMUUxMb1BNYgovN2xjajY1aFYzR2wzeXBjK0pzMkozNkM4ckRrbmFydEt2NmtlYjNKc2crV2pRU1p5eFlWQ1NvUWx4bHBHTUxRCldydHErWDRFZGJKeVI5UklXV0x2L0gzV08wM2N1NXd2UGdjL25YK1NXekRGWmNCd0dwaHl5ZWIyMmJFWE84Mk0KSWg0RDVLN0N4SEFaZURCdjlWWTg4N2dhK1F4ajZHVEdBWTl4YlhWcUU3UFB5a0tHRDA0VDNnVmZ5OXNIRHFhZwpIL0cydWFtV1dCNXRFaDdoTGVFM0hhcHUvZUFXTncyYWMxVHdQY1ZmTjh0ZmtEUUF1K1M3WEhFZzB4SHRvUlNhCmIwSGQ1WEdJVjJVc1IrdVRhbG45Sm1wSTJVSUEweGxncUFUbHNSaGQrYms4TXNmMVBPZmZwMnZIMkF1NU54cUoKbTBGcmhUeDQ4aE5LbUNNd2pFSFNuNGVhbm1ucFBNaktScDg3L0JPZ3d0RGNFUUJtZDZ6aTZXOWtYd3VZeHJOdQpoaE1zT1FsMThnSGwxbUlEOStnK1FCRnVPSVJjRkRUL2ViS2NtRFE3V2FDSHB6V2s0VEwxSXArOGt3VGRkNEJ2ClpDallKWXU5OGZnbHNqa1FnRWxma0x6WTNINzBFaFc3akVnTjR4UGhDQXdJamdHZERNc2F4a1ZwS1JYTHQ2bFoKVnNZZDRtclphUXN4L2lLeDliL1Ntcm5XV3dUUlE5bmxBOE1JZndGcjFkL3FlUW5mUWx0L1JQN0M4UW1OSW9ZRQpQTU84ZTF2YWdiMkU0VFUyCi0tLS0tRU5EIENFUlRJRklDQVRFLS0tLS0K",
      "type": "string",
      "sensitive": true
    },
    "cluster_cluster_password": {
      "value": "45b3043150ab6e91117946ba93266d7a7315314b35f16936d41c8255287685affc9ca5f37d01e1c0fdfe80c930d37f950c5b99b21bd28dbe008f90aafa09e3b2",
      "type": "string",
      "sensitive": true
    },
    "cluster_cluster_username": {
      "value": "clusterUser_chapter9softarch_chapter9softarch",
      "type": "string",
      "sensitive": true
    },
    "cluster_host": {
      "value": "https://chapter9softarch-e6e4dbaf.hcp.southeastasia.azmk8s.io:443",
      "type": "string",
      "sensitive": true
    },
    "cluster_kube_config": {
      "value": "apiVersion: v1\nclusters:\n- cluster:\n    certificate-authority-data: LS0tLS1CRUdJTiBDRVJUSUZJQ0FURS0tLS0tCk1JSUU2RENDQXRDZ0F3SUJBZ0lRYkZJVkJUVFU2RlBuVUNVMFJyMkV4VEFOQmdrcWhraUc5dzBCQVFzRkFEQU4KTVFzd0NRWURWUVFERXdKallUQWdGdzB5TXpBeU1UWXdNekV5TXpkYUdBOHlNRFV6TURJeE5qQXpNakl6TjFvdwpEVEVMTUFrR0ExVUVBeE1DWTJFd2dnSWlNQTBHQ1NxR1NJYjNEUUVCQVFVQUE0SUNEd0F3Z2dJS0FvSUNBUURSCmgyeHhIM0Q5NDBFSG81M0hBeTZKTnlJN0tvT2hKd0tNWWRpRlVNVThqVy9UeDdCYTljWElXVXIyK29JQkdSVTcKcVc0eWZLLzc2VEhiWk5jb2U0ZWladVpHbUF1eXM2YWZGNHJ2U1pkUWxINGg2Y0hHK2h6MTdqYTFQWE1neHNBeApLUXViMEFMQWxFWHBDUEJKb29SZU13SUNNUlJwMzdWSmJjV1d0WFhVYVBicXR2U3JUR3dmZklQVFFzVzdQeEJxCjRtd0xOTC9OYkI1OTFKUHc1VjRFd1NPdDhnSWVweTAvamhLb0lxTzJ4WkJNaXVKMEZIS282ODVyQmNXRGI0RHcKd2w4SHZ6a0tObkNBRVBhb29tU2JaNk85THpISkljUDdwOE50SU54OFQ4Y1BrYUxkekdsb0VhSUgvQ2xUcmFYSQpOVVJ3OGtHV1d3S0xtZUpjUDhpK21wNzRMNzNQMFlUTXExU1FQbG9iaFYxcXVUNjN2YnoxOXVlUkJBWE81OExhCmVXRU51TmdQckkxMzFhQXd1cXQvZlpkRjZYdUpNbTF0M0FSb29FUkFKVExnMVRlSTMwK2tQNEhSZ2ZERVpQeU4KUUljdkpTMys5bWptUy9aT1EyODBFenp4QTBFcGRKNm1SQUJBS2pIODhDcDIzNTVZbE05RWZQcHNORXJ2dk1IZApZWTJwTTRvNURtWUNpTXMvRGk4SzFBT3lRWGxhU2lqR1M5cERucFlsZjNpcHJhZUxVbHZYTWtpTDQyQVFYamRMCkFvZ01zanlya2xWYkIvWHB3SHkzVGFOeXBCeGxKdUNyYWx0SUM0UVZnV3B3MWI2TmhZdncxOWhqOTBEU2h5S0YKSVNyelJIRlM3SjVEb0ttWDVPTUVFcGxpVUlYclVidkcyU0pEOGdTMGd3SURBUUFCbzBJd1FEQU9CZ05WSFE4QgpBZjhFQkFNQ0FxUXdEd1lEVlIwVEFRSC9CQVV3QXdFQi96QWRCZ05WSFE0RUZnUVUxMVVwVU5WeWFlTFdDZFFnCjZtSzFDU2JGRzVFd0RRWUpLb1pJaHZjTkFRRUxCUUFEZ2dJQkFDUG5xc1FIQUdpTm1McUo1QXQ0Z3ZEbDFQRDcKZEZjcWdOQjJCMnQ4ZE96c3IvNjVEcHErWEpUR0FaUTcxWTRqdk5rcjN6MGd1ODVvOWlwQk9YS2xMUUxMb1BNYgovN2xjajY1aFYzR2wzeXBjK0pzMkozNkM4ckRrbmFydEt2NmtlYjNKc2crV2pRU1p5eFlWQ1NvUWx4bHBHTUxRCldydHErWDRFZGJKeVI5UklXV0x2L0gzV08wM2N1NXd2UGdjL25YK1NXekRGWmNCd0dwaHl5ZWIyMmJFWE84Mk0KSWg0RDVLN0N4SEFaZURCdjlWWTg4N2dhK1F4ajZHVEdBWTl4YlhWcUU3UFB5a0tHRDA0VDNnVmZ5OXNIRHFhZwpIL0cydWFtV1dCNXRFaDdoTGVFM0hhcHUvZUFXTncyYWMxVHdQY1ZmTjh0ZmtEUUF1K1M3WEhFZzB4SHRvUlNhCmIwSGQ1WEdJVjJVc1IrdVRhbG45Sm1wSTJVSUEweGxncUFUbHNSaGQrYms4TXNmMVBPZmZwMnZIMkF1NU54cUoKbTBGcmhUeDQ4aE5LbUNNd2pFSFNuNGVhbm1ucFBNaktScDg3L0JPZ3d0RGNFUUJtZDZ6aTZXOWtYd3VZeHJOdQpoaE1zT1FsMThnSGwxbUlEOStnK1FCRnVPSVJjRkRUL2ViS2NtRFE3V2FDSHB6V2s0VEwxSXArOGt3VGRkNEJ2ClpDallKWXU5OGZnbHNqa1FnRWxma0x6WTNINzBFaFc3akVnTjR4UGhDQXdJamdHZERNc2F4a1ZwS1JYTHQ2bFoKVnNZZDRtclphUXN4L2lLeDliL1Ntcm5XV3dUUlE5bmxBOE1JZndGcjFkL3FlUW5mUWx0L1JQN0M4UW1OSW9ZRQpQTU84ZTF2YWdiMkU0VFUyCi0tLS0tRU5EIENFUlRJRklDQVRFLS0tLS0K\n    server: https://chapter9softarch-e6e4dbaf.hcp.southeastasia.azmk8s.io:443\n  name: chapter9softarch\ncontexts:\n- context:\n    cluster: chapter9softarch\n    user: clusterUser_chapter9softarch_chapter9softarch\n  name: chapter9softarch\ncurrent-context: chapter9softarch\nkind: Config\npreferences: {}\nusers:\n- name: clusterUser_chapter9softarch_chapter9softarch\n  user:\n    client-certificate-data: LS0tLS1CRUdJTiBDRVJUSUZJQ0FURS0tLS0tCk1JSUZIakNDQXdhZ0F3SUJBZ0lSQVAyZHhuTEJLZ3d4WHJNWEloVDBCRm93RFFZSktvWklodmNOQVFFTEJRQXcKRFRFTE1Ba0dBMVVFQXhNQ1kyRXdIaGNOTWpNd01qRTJNRE14TWpNM1doY05NalV3TWpFMk1ETXlNak0zV2pBdwpNUmN3RlFZRFZRUUtFdzV6ZVhOMFpXMDZiV0Z6ZEdWeWN6RVZNQk1HQTFVRUF4TU1iV0Z6ZEdWeVkyeHBaVzUwCk1JSUNJakFOQmdrcWhraUc5dzBCQVFFRkFBT0NBZzhBTUlJQ0NnS0NBZ0VBdjlVODE0ZDZyMDkyVVJQbG5GM3AKL2FEdGt6NHBMbXF6N3VKb0xWQVBHSDlHQVkxOXRWMitLTXRZQTlweXFqZjFPK0NEdytEaHRLajR2RXd0RU9MeQpNTDVhdytobFlsNmNoNGc2ajVJemhjTGtrR0xoOXBONGlsdktHaDJDMXR2TXJsVVI4VUxIeWh1Rjd0eHVTRHJICnR1TC9FYjdHdkpKNU9kc2lIVkRyZzRBRUlpekpyRVlzcXo0aWlHMURCc0hIb2NCSXRDMFRLbzFZUlNYcHcweHoKeUxuOTdZb2dkelRjY21RNGYzOGtFSGNRZE5HL1FhSy9zN05GcUlzYjYxTzFPNDFDdjh2SkFkVkdLZDBFWXEvTgpBUnYwdTJIRDN5QTJLK3p3LzRIVDQxRFBqeU9DYWxmTk9LUGpMUklmY1lzSzloMXBxUHUrNm1uZlhBOHVETzRPCjFDZ1BWdklXNlBWN1BIZ3BTaEdqcXdIMHlLcXpZZXc3bUljUTNyUFdWRVFUVGgvSmYvdHVYOTBBbkUvbDR5MlkKVnlzdnF3RVFhR2s1YWt4dG1nSVRaZDhBSW1uS1FOalRBWEl6Q1U3K09zTytJTTErRE1wVUptMGVzMlZzRWFUaQoxVFJjZkV1UXlCSDBTYzJLQ3hSa1dRTmo2a0dPWFUyMURpb29HZFhqcVY2cUtrRmNTc3BMTExGTkllUDNEMlNKCmE4Z0dXaml0Zk9xbnlTbzB0dDlYS0MzZjhnbCsxWTBQZk4yYXRqMUdoY1cvQUdZRVgyMS9SdVNKelZwaXpqaHoKWkwvalY4NTVJMVVoVjFFU3N6ekhwbkQ5QVFnNDdMTzJxZXVNc1FBQUJBRlpPV2QrV0Qxd0pYL1VNbzl4cWpmUApTWDhHbUFKam1INzE2Q205cWhiVW84TUNBd0VBQWFOV01GUXdEZ1lEVlIwUEFRSC9CQVFEQWdXZ01CTUdBMVVkCkpRUU1NQW9HQ0NzR0FRVUZCd01DTUF3R0ExVWRFd0VCL3dRQ01BQXdId1lEVlIwakJCZ3dGb0FVMTFVcFVOVnkKYWVMV0NkUWc2bUsxQ1NiRkc1RXdEUVlKS29aSWh2Y05BUUVMQlFBRGdnSUJBR2VBSG91RWlOdENEd2U2Unk4RwpGekdyU3dNMnFVRlQwZDJZaUl4RzVDVUxxRG1pREtjZjM2cnZUa3VhOVFacnRiZURoaGR1NCtacU5neGJQaTVDCm1Bc2VKVWVIR2RvWGxuWThoWGRwcG9HWGNsZ3YzL2hKWVA1Y3Q4dUVUVUxTTUVTWGtZalFqS3owUUdJeDFzVkkKZ0R3cXZhZ0Y2bjY3OHlDWDRYbWdjcC8xVFdJemxRRS9VMTZOZEZPdlgxQ3FSbEdxNnh0ejROSWxNTlZCRXFUYgpEUkY3Y0JSc1lhY1M5MkU1WDZKdDFEOEs4cFhndXpIUmFjdkxSdjIyY2tPc0pLcFZtUjQxRmI0MUZ0YzFvZnF2CnZicnlYRlQrN1NuR3ZzZ1Uwdld1aXZNenI1MThScUEwUjNBM2VYaHdWaFg0Qm1qNzJXUG9uZzJUMEVSdk14QXoKb1dISlJsQWpNVFVSb2ZTK09zL3VySmJZdkU5ZTlTcnlaSU8rSGUyVE92TmowRENCdHQ5YXcwMFlHYkpBbEg4bAppWnlyR1ZGa3FrVGtYRHJHd1J2NU1zTzJyTmpFVlY0VU5zRS91SW1ZRVpocTdnMkRDWkcwUzVYam9KOVR1aUJqCmJuWEV1MGhVb201UkhpbmVmWmlieXl5cFY4SXgrMEVXT0piVWpnb1RKQTJ6SlpWb3VlcXJHQkNCd0VxZEJlS3YKeFhnTWxTMjlOYTR0Mjl0VEd1RXlHR253OXFRSkhzUVgrdmFLcWpQQkRkVmViemdqZUZmczBKUVk5c25PVGhRWgp5S3JLVHNEenlSVXFlVzZXTnY1b0twZGo2TDRmSStaYVdyUm9DSGgzMndLeTdkK1A3ejFGUVJUc0pCem1uVThECkgxM1JmaUhVK3VPZ1RrRmtKalJVMGViWAotLS0tLUVORCBDRVJUSUZJQ0FURS0tLS0tCg==\n    client-key-data: LS0tLS1CRUdJTiBSU0EgUFJJVkFURSBLRVktLS0tLQpNSUlKS1FJQkFBS0NBZ0VBdjlVODE0ZDZyMDkyVVJQbG5GM3AvYUR0a3o0cExtcXo3dUpvTFZBUEdIOUdBWTE5CnRWMitLTXRZQTlweXFqZjFPK0NEdytEaHRLajR2RXd0RU9MeU1MNWF3K2hsWWw2Y2g0ZzZqNUl6aGNMa2tHTGgKOXBONGlsdktHaDJDMXR2TXJsVVI4VUxIeWh1Rjd0eHVTRHJIdHVML0ViN0d2Sko1T2RzaUhWRHJnNEFFSWl6SgpyRVlzcXo0aWlHMURCc0hIb2NCSXRDMFRLbzFZUlNYcHcweHp5TG45N1lvZ2R6VGNjbVE0ZjM4a0VIY1FkTkcvClFhSy9zN05GcUlzYjYxTzFPNDFDdjh2SkFkVkdLZDBFWXEvTkFSdjB1MkhEM3lBMksrencvNEhUNDFEUGp5T0MKYWxmTk9LUGpMUklmY1lzSzloMXBxUHUrNm1uZlhBOHVETzRPMUNnUFZ2SVc2UFY3UEhncFNoR2pxd0gweUtxegpZZXc3bUljUTNyUFdWRVFUVGgvSmYvdHVYOTBBbkUvbDR5MllWeXN2cXdFUWFHazVha3h0bWdJVFpkOEFJbW5LClFOalRBWEl6Q1U3K09zTytJTTErRE1wVUptMGVzMlZzRWFUaTFUUmNmRXVReUJIMFNjMktDeFJrV1FOajZrR08KWFUyMURpb29HZFhqcVY2cUtrRmNTc3BMTExGTkllUDNEMlNKYThnR1dqaXRmT3FueVNvMHR0OVhLQzNmOGdsKwoxWTBQZk4yYXRqMUdoY1cvQUdZRVgyMS9SdVNKelZwaXpqaHpaTC9qVjg1NUkxVWhWMUVTc3p6SHBuRDlBUWc0CjdMTzJxZXVNc1FBQUJBRlpPV2QrV0Qxd0pYL1VNbzl4cWpmUFNYOEdtQUpqbUg3MTZDbTlxaGJVbzhNQ0F3RUEKQVFLQ0FnQUZHdGVUcExkUEV2NURDaFNDSkwybFVqTUFTQmN3ZFFaMHhQR2d3eENqeGo5R3EwMDlGbEdKSkdBagpPaHp6Q3Fvci9iMkQ2T2dZdHFabjNGOFdvL050K0tMUnM4MSs0S1dwdGFaWlM3cXpSSXh3aXpFWUxyUjJlaHJXCnR4SlVSV1VjL29hTHRRczhCWjk2eThMamlTem5ZUU1JcGRzRUNhSFFPRlNnRXhjeFdLYkRnZzJiMkFJNFRGNysKNG1sMk5KSHJiQUtEU08vSm9obEhQY3NLdDI0ZFdWVzRqSVJ3cDZkMkk5U2REL1VWdXhWbEJtL2dmMFE2cy9xVwprWjBjbGcyc21BVyt0TjJVZnVodkZNS1pIYlNHNHdlUU5QblJaam9LMFROWW1VdmFNTHhWUXN5bHA5QitRVjQ2ClJORXhaRkhXV3RJRS9TNEhidW5TdVZTd1kyVmhsQ0dtWE5qTE5mS1hRWll1U09tQzE5dkR4U09mdDI4ZEF3SjYKS3I1Tkdla1VMek45anliSDg3Y2ZCTUg1S09zd0N6UWJ1UmtYdUJaWEhJU2ljWDVwbnhjY05qWVU0blZrWUFKUApMZXpVZHFyMzB5ZDhncHlkMmpHWnQxV0R2dXh5d3JvaFhqWGJjcW5CN3RReStBa2pGd1FSTkpLOXBVMkZhSnlMCjNORERWMTBMRnZ0Rkp1RVRZS2NydTYwbUJsbGNudnVETXBQTUIxaXRxRHlONkt3YWx4NitqZFBhV2x1cVFZVFAKSmh0QUo3M2NDNzFRRXJYeU1pcmlMdlI0RXY5bTRDSlZIekYwNnpSZjczWXhaRG9HTmdUdlZOaEgvUk0vMHVDRQpCUCsvVXhlckltYUJUVjViZHFFcmRKQUpFY3BiU1Jwd0xlSldWVGczQXdNanlINGhnUUtDQVFFQTVtdk9ZWU5BCmxVOTlBcCtsNXlSVkFpWkN0cno0bFl0enJiUXZ2cnVWYVJIRmx6VnZYSG1IK0NzYy9uNXFjWXZ6N2tPb1BEclcKU1FmWnpYdHFydkdzTW9YL2ZKMWt1SzRCUWkvWkF5Z3QrLzBMbHpGaVNZVGNOaUI4Q2pxTk5heC8vdlhPZUdxcApGK3FhaTc2c204ckpBb1hHR08vUTR4MXQ4VkVnYTJON1Q5M05sckNaVEY5YVB5Q29tYWxHKzhmVjlraEpsSVNHCmxVcHRjWWZreWJqMDkrSUxMWWp6QmJDZ1ZucHM4aGMxRmJMYVcyaTl2WXk4dU9RaXNFSGxmNkJ1dk8rVEFvYUkKaWVBNVJtWnVpblJEZmh0eFdtL2oyQ1pUZHFqbU5uVllPV0tTUmdFTW1EeVNMbHBHS2pydDZ6aXJzRXVHTk9jTgp3TmZKMzFWUlU5cVVsd0tDQVFFQTFTRFJsNzhaUzFzaGZQV3laQkdTM01nZWV4anRsa1hObzJzd2lpeGlEY1MvCnIyRGU2WG1zRS9GSGpsS2p3blRDbCtpbE8rZzladS9yckRIQUNqTGg5NGFSdEhpOFZ3REVyZHRobFRxd3E2ZDQKSVVOU0h5MHFydHBwdHVjVlpjb01oYlh1WEtnNTZOVlhHUGU2bnIvYkl3dm9MTHpCUVFiSm1OaXFpWWN6NlNueQpZMGRGSThKanpwSCt2bTVwODJwQUMwT2QxczJTRGpjTHU5K1dtZ1VQZ2lCTVdtN1FBSjJZMU1TWGkydDEwNUYyCjFaQ0F6WmlTWDc3YzQ5NGRwUEFMTjU1eVh2SUFSbDREcE1oVG00TXM3SXc1c1YxMmRPeGpwaWs5RDNLTTFRZGEKZnpHWWxNK2pCdENFTnVjNjIxbjdQcC9mUW94ZEFuRGZsQkxNZkR5enRRS0NBUUVBa0ZoU3BqV1IzTGM1NmMzWApJVEJhYklsSlc2NlB6eWJYNWFZdURyNzJQeWJaNy9xU2M0elNoNzJDWVU4U0lXVjUvdlcxUzEzVVpWV2N0S091CjFqOGhEMWx3RGtHUEdqNHZIYVpadlNlTGZ3TXJJcURXSUpZeFdWc0tPV0lxbWNnaE9yZ0RpdDNPWmVRYXdwWkYKRFNlQXVxclF5VWhhUkJ4b2hqYTdKMnJma2MyeC84ZExrVk5lZHBOZjZ6cm04ODFoRlBKOTNhTVRxQ3hDMlU4MwpITU5YK24xSllWSWNZNkVkSUc5N0ZrRkJpUUZNMXR5TG1GVzAxK0phZEs0ak5jdHI4OEhsQnp6K0JkbElKL2o5CklKRHF3dkl3Rldab2hqeWtKbjV5RVFWN3FoODg0TXZCZHhEaXhsVFpCWlY2KzlLNWd5d2N1OEZPbFZMWTdLWkcKMTAvanF3S0NBUUF3TmhsVGMxWWNkc1B2aVlET0pDK05vL05KTTAxalplenJuNjYrUXVYM2FWOVhJOW1wQk80SgpJTlpuK29leTBFaklwa2JpYzFtWWRJTmlVMnEybytYNzRVUUtpQmxLc1JETXAwaSt3aVQrMzRaTU4vZFd1QmZrCnIrR2tEMGdHMjVyVGtHRVlNckhPMnB1Mk9Tdk5CMmRoMlNxdkhBKzNUdnJCaVptaVBLUmdoUzJnaVptNVNocmIKdXFqZW1RbDhsN2RmRk8rYWpLd1NiUjlKWTMyazM2b3ZiSEQ1TUFIN2Nhc0Z6bWJka2ZSNFpIcDJPeGIzNnlDSgphaHA3clY0VlZudWpIRU9RK0x0Wkw2RXhZR09SVlM0UFlIVVlpeVRsdENlaWljZVhPL2xob3lVMGlwcVNaeG5nCnk4QnN6d2ZBWU8xMXNDS0g0a3FUNThhYnIxajBiYUxWQW9JQkFRQ0JJRThocFM2MVZkQkNNeXgvYklpWjZhSVoKK0RYY0xTSDBMZWEvbW83bHJUczFPOVMvVWZYZmcyYkRNSXB4V0FDdTFqaE5xVC9iRWVYY3ZnNno2YzM0TUxZVAp6VlYrdzZra2JPTW9DTEdOaW5EZ3lwRmZCTU1Tcys0a1ZoVHQ5aDhNRHZxcHZwS0hqZDJiS1QyL3NBeEcvNTZGCks3eWVKb3BjVVdMeW1IZ053ODFsazBHaE5OaFdVc1RBVE5NNk12M2N6TmNJSGZqSXRUUVNGanR0YkZZdU56RjQKSVJmLzJRdS8wNXhIdHlTSTZOTWhnWm5IZk1SWjl0VDM2RHZTV2Q4WlhLZmxXWE50UHVsQ0l4cVplOHE1YnNBagpyb3VMclFhVVZyeW5FOWRLYVcvRVFsU3FOM0ZteGNFTml1TTBpb28rcjhGK2lHVWNmMFhoaWVUYi9oeHEKLS0tLS1FTkQgUlNBIFBSSVZBVEUgS0VZLS0tLS0K\n    token: 45b3043150ab6e91117946ba93266d7a7315314b35f16936d41c8255287685affc9ca5f37d01e1c0fdfe80c930d37f950c5b99b21bd28dbe008f90aafa09e3b2\n",
      "type": "string",
      "sensitive": true
    },
    "cluster_private_key": {
      "value": "-----BEGIN RSA PRIVATE KEY-----\nMIIEowIBAAKCAQEAw/7KobP4W1jbDacjagI99AiTOeylvcR5uD89GeFe9GAfps4I\nYXAb9CB5Z61TBfgh9Rdt/HavNDoDi54WsSmen8V+5InkzA7SRf55xexdGK8bcXL/\ni7bisky/yEKekQ9a0Jie5vlMeuUuAty0ffAOxmGwpYY4V13vT/9zJ2knEpunFVyF\nmPjN4KYReY+VmIxpRgZwqgtjcOWVCZr5dQ2UuFYcJiW1kH/vvHxNSlrR03wozlQN\ne3u+RxbMft5VeYbuRwI+Y3yG/U3z0RY/rfNhaPy/yopvIk9mnLqpxYYmWkRVtov1\ntgIf9VDrTK3dQqETUhnCbEz8tV92HmRqoFgTnwIDAQABAoIBAH9rs3MDXRCOKQOs\nSMLPqFVyCb1b07kW9gdJ3cBom+IGaC16v0oRp6rEPgmgTlyQIAuGavP6eRdcLBfl\n9FzDcSPwMvoDiCL988ibk7GQZEn69b2BBRBhGurOKNTaMtqd/+2je5MwOn+fZZVo\nxVMm8YQZ2M0UAKcUI9R/f+78VvGp6iu8vOUddyU+RMD7vUejeORgZWhetgIh88NB\nRnN3QH5Obm0Z5aXKRgJ15pB1eUsLpHslgnJRWQahiC8kef/0Vu8LBmFaULyxVXRA\nc5L6G3wOGfxGJrCfUE7Q95U9DqMz1eKSUU7aYw87Xoak1J/Z1ea/OxiD6pizjyWE\nn/nVRrkCgYEA0I4qy3YG9VUa7euJHtHi2RxDLVOfzObqaawGGWykTrqJPzCtwLtB\nr31DpHR9Ub9XbC7czjiG5sVliw5ajOHQdCkepQbN6nlO4RUIlE/LA5eOrHvq7sP9\neZC0qVnPN+q5X0W6zwedR8fUKR5/O4VlLAgLJBdABeUmqrEtc2kK70UCgYEA8JUm\n/ga9NfECy9Yr0pgaz/SLao5Kq/dEqKbJphC6iAIlD+OOOyUq22dNzYzz+q7ar6PY\nktuEWbb+347/WHL/2jBVyUVRNdHoKxO9lyiyY4NY5sz1/huN/IMGMpDOfbduNkDk\njASWFv9xP3ScSh7eJlyrm2I1fwIUIdzvsnJ1Y5MCgYEAvvUdXBRixKm7MZPThoO5\nSP/mxo7mJ7BbfIxFPWxLeca0ukYxIeKTf0Kb9+2tfXdMbcLu7Ge3pX+ivVNUN+Df\nhCzOYV48lu+h+NfQdjQld9GCko4YC60q3u9PbCzOXq2uM/zd0ohvS3U93rSM3QwE\nGe/3e4FKXtt1rx7xtdW9bF0CgYAX6ZtQkHbqD6SJgiYk7n1rwhDBbJc7dH5cjQdp\n/CuuLRhl9eZDNrSFzkTLc4Ekn5CY+J4kKrGDAU9gBSSYNAX+N+Ou97bUtKJw9atY\nhPEGNx31AtZIhZCdUqChEgeUM1E/D0AoMqSAcK9e8UY/j8Xg5kEgVqiekSRTIVSp\n1fqZBQKBgAYIWGoZuWQ7UXMtPFsn3m2l92MIUw27VaM3p8iDH3E5szHkqDCH/hDJ\nCw4Bpwyze6fZuG5u86UlseRqHiO1lNPzoT0xSGYQ2+WZaj2yUgdzA3YD1f2fq5BP\niAAIufRMpw2pqlY9PNl+OGiNVCK2NCG5lJ4kHtNFObrffVmkNJBp\n-----END RSA PRIVATE KEY-----\n",
      "type": "string",
      "sensitive": true
    },
    "cluster_public_key": {
      "value": "-----BEGIN PUBLIC KEY-----\nMIIBIjANBgkqhkiG9w0BAQEFAAOCAQ8AMIIBCgKCAQEAw/7KobP4W1jbDacjagI9\n9AiTOeylvcR5uD89GeFe9GAfps4IYXAb9CB5Z61TBfgh9Rdt/HavNDoDi54WsSme\nn8V+5InkzA7SRf55xexdGK8bcXL/i7bisky/yEKekQ9a0Jie5vlMeuUuAty0ffAO\nxmGwpYY4V13vT/9zJ2knEpunFVyFmPjN4KYReY+VmIxpRgZwqgtjcOWVCZr5dQ2U\nuFYcJiW1kH/vvHxNSlrR03wozlQNe3u+RxbMft5VeYbuRwI+Y3yG/U3z0RY/rfNh\naPy/yopvIk9mnLqpxYYmWkRVtov1tgIf9VDrTK3dQqETUhnCbEz8tV92HmRqoFgT\nnwIDAQAB\n-----END PUBLIC KEY-----\n",
      "type": "string",
      "sensitive": true
    },
    "registry_hostname": {
      "value": "chapter9softarch.azurecr.io",
      "type": "string",
      "sensitive": true
    },
    "registry_pw": {
      "value": "BU9gvYXUgBrWWlHnM8qpqK5SLvlyv4Kp7c5TQ0Yf7h+ACRAfyeL3",
      "type": "string",
      "sensitive": true
    },
    "registry_un": {
      "value": "chapter9softarch",
      "type": "string",
      "sensitive": true
    }
  },
  "resources": [
    {
      "mode": "managed",
      "type": "azurerm_container_registry",
      "name": "container_registry",
      "provider": "provider[\"registry.terraform.io/hashicorp/azurerm\"]",
      "instances": [
        {
          "schema_version": 2,
          "attributes": {
            "admin_enabled": true,
            "admin_password": "BU9gvYXUgBrWWlHnM8qpqK5SLvlyv4Kp7c5TQ0Yf7h+ACRAfyeL3",
            "admin_username": "chapter9softarch",
            "anonymous_pull_enabled": false,
            "data_endpoint_enabled": false,
            "encryption": [
              {
                "enabled": false,
                "identity_client_id": "",
                "key_vault_key_id": ""
              }
            ],
            "export_policy_enabled": true,
            "georeplications": [],
            "id": "/subscriptions/5fb199b3-4e86-4b7a-b3d7-829208a47ad4/resourceGroups/chapter9softarch/providers/Microsoft.ContainerRegistry/registries/chapter9softarch",
            "identity": [],
            "location": "southeastasia",
            "login_server": "chapter9softarch.azurecr.io",
            "name": "chapter9softarch",
            "network_rule_bypass_option": "AzureServices",
            "network_rule_set": [],
            "public_network_access_enabled": true,
            "quarantine_policy_enabled": false,
            "resource_group_name": "chapter9softarch",
            "retention_policy": [
              {
                "days": 7,
                "enabled": false
              }
            ],
            "sku": "Basic",
            "tags": null,
            "timeouts": null,
            "trust_policy": [
              {
                "enabled": false
              }
            ],
            "zone_redundancy_enabled": false
          },
          "sensitive_attributes": [],
          "private": "eyJlMmJmYjczMC1lY2FhLTExZTYtOGY4OC0zNDM2M2JjN2M0YzAiOnsiY3JlYXRlIjoxODAwMDAwMDAwMDAwLCJkZWxldGUiOjE4MDAwMDAwMDAwMDAsInJlYWQiOjMwMDAwMDAwMDAwMCwidXBkYXRlIjoxODAwMDAwMDAwMDAwfSwic2NoZW1hX3ZlcnNpb24iOiIyIn0=",
          "dependencies": [
            "azurerm_resource_group.flixtube"
          ]
        }
      ]
    },
    {
      "mode": "managed",
      "type": "azurerm_kubernetes_cluster",
      "name": "cluster",
      "provider": "provider[\"registry.terraform.io/hashicorp/azurerm\"]",
      "instances": [
        {
          "schema_version": 2,
          "attributes": {
            "aci_connector_linux": [],
            "api_server_access_profile": [],
            "api_server_authorized_ip_ranges": [],
            "auto_scaler_profile": [],
            "automatic_channel_upgrade": "",
            "azure_active_directory_role_based_access_control": [],
            "azure_policy_enabled": null,
            "confidential_computing": [],
            "default_node_pool": [
              {
                "capacity_reservation_group_id": "",
                "custom_ca_trust_enabled": false,
                "enable_auto_scaling": false,
                "enable_host_encryption": false,
                "enable_node_public_ip": false,
                "fips_enabled": false,
                "host_group_id": "",
                "kubelet_config": [],
                "kubelet_disk_type": "OS",
                "linux_os_config": [],
                "max_count": 0,
                "max_pods": 110,
                "message_of_the_day": "",
                "min_count": 0,
                "name": "default",
                "node_count": 1,
                "node_labels": {},
                "node_network_profile": [],
                "node_public_ip_prefix_id": "",
                "node_taints": null,
                "only_critical_addons_enabled": false,
                "orchestrator_version": "1.25.4",
                "os_disk_size_gb": 128,
                "os_disk_type": "Managed",
                "os_sku": "Ubuntu",
                "pod_subnet_id": "",
                "proximity_placement_group_id": "",
                "scale_down_mode": "Delete",
                "tags": null,
                "type": "VirtualMachineScaleSets",
                "ultra_ssd_enabled": false,
                "upgrade_settings": [],
                "vm_size": "Standard_B2ms",
                "vnet_subnet_id": "",
                "workload_runtime": "",
                "zones": null
              }
            ],
            "disk_encryption_set_id": "",
            "dns_prefix": "chapter9softarch",
            "dns_prefix_private_cluster": "",
            "edge_zone": "",
            "enable_pod_security_policy": false,
            "fqdn": "chapter9softarch-e6e4dbaf.hcp.southeastasia.azmk8s.io",
            "http_application_routing_enabled": null,
            "http_application_routing_zone_name": null,
            "http_proxy_config": [],
            "id": "/subscriptions/5fb199b3-4e86-4b7a-b3d7-829208a47ad4/resourceGroups/chapter9softarch/providers/Microsoft.ContainerService/managedClusters/chapter9softarch",
            "identity": [],
            "image_cleaner_enabled": false,
            "image_cleaner_interval_hours": 48,
            "ingress_application_gateway": [],
            "key_management_service": [],
            "key_vault_secrets_provider": [],
            "kube_admin_config": [],
            "kube_admin_config_raw": "",
            "kube_config": [
              {
                "client_certificate": "LS0tLS1CRUdJTiBDRVJUSUZJQ0FURS0tLS0tCk1JSUZIakNDQXdhZ0F3SUJBZ0lSQVAyZHhuTEJLZ3d4WHJNWEloVDBCRm93RFFZSktvWklodmNOQVFFTEJRQXcKRFRFTE1Ba0dBMVVFQXhNQ1kyRXdIaGNOTWpNd01qRTJNRE14TWpNM1doY05NalV3TWpFMk1ETXlNak0zV2pBdwpNUmN3RlFZRFZRUUtFdzV6ZVhOMFpXMDZiV0Z6ZEdWeWN6RVZNQk1HQTFVRUF4TU1iV0Z6ZEdWeVkyeHBaVzUwCk1JSUNJakFOQmdrcWhraUc5dzBCQVFFRkFBT0NBZzhBTUlJQ0NnS0NBZ0VBdjlVODE0ZDZyMDkyVVJQbG5GM3AKL2FEdGt6NHBMbXF6N3VKb0xWQVBHSDlHQVkxOXRWMitLTXRZQTlweXFqZjFPK0NEdytEaHRLajR2RXd0RU9MeQpNTDVhdytobFlsNmNoNGc2ajVJemhjTGtrR0xoOXBONGlsdktHaDJDMXR2TXJsVVI4VUxIeWh1Rjd0eHVTRHJICnR1TC9FYjdHdkpKNU9kc2lIVkRyZzRBRUlpekpyRVlzcXo0aWlHMURCc0hIb2NCSXRDMFRLbzFZUlNYcHcweHoKeUxuOTdZb2dkelRjY21RNGYzOGtFSGNRZE5HL1FhSy9zN05GcUlzYjYxTzFPNDFDdjh2SkFkVkdLZDBFWXEvTgpBUnYwdTJIRDN5QTJLK3p3LzRIVDQxRFBqeU9DYWxmTk9LUGpMUklmY1lzSzloMXBxUHUrNm1uZlhBOHVETzRPCjFDZ1BWdklXNlBWN1BIZ3BTaEdqcXdIMHlLcXpZZXc3bUljUTNyUFdWRVFUVGgvSmYvdHVYOTBBbkUvbDR5MlkKVnlzdnF3RVFhR2s1YWt4dG1nSVRaZDhBSW1uS1FOalRBWEl6Q1U3K09zTytJTTErRE1wVUptMGVzMlZzRWFUaQoxVFJjZkV1UXlCSDBTYzJLQ3hSa1dRTmo2a0dPWFUyMURpb29HZFhqcVY2cUtrRmNTc3BMTExGTkllUDNEMlNKCmE4Z0dXaml0Zk9xbnlTbzB0dDlYS0MzZjhnbCsxWTBQZk4yYXRqMUdoY1cvQUdZRVgyMS9SdVNKelZwaXpqaHoKWkwvalY4NTVJMVVoVjFFU3N6ekhwbkQ5QVFnNDdMTzJxZXVNc1FBQUJBRlpPV2QrV0Qxd0pYL1VNbzl4cWpmUApTWDhHbUFKam1INzE2Q205cWhiVW84TUNBd0VBQWFOV01GUXdEZ1lEVlIwUEFRSC9CQVFEQWdXZ01CTUdBMVVkCkpRUU1NQW9HQ0NzR0FRVUZCd01DTUF3R0ExVWRFd0VCL3dRQ01BQXdId1lEVlIwakJCZ3dGb0FVMTFVcFVOVnkKYWVMV0NkUWc2bUsxQ1NiRkc1RXdEUVlKS29aSWh2Y05BUUVMQlFBRGdnSUJBR2VBSG91RWlOdENEd2U2Unk4RwpGekdyU3dNMnFVRlQwZDJZaUl4RzVDVUxxRG1pREtjZjM2cnZUa3VhOVFacnRiZURoaGR1NCtacU5neGJQaTVDCm1Bc2VKVWVIR2RvWGxuWThoWGRwcG9HWGNsZ3YzL2hKWVA1Y3Q4dUVUVUxTTUVTWGtZalFqS3owUUdJeDFzVkkKZ0R3cXZhZ0Y2bjY3OHlDWDRYbWdjcC8xVFdJemxRRS9VMTZOZEZPdlgxQ3FSbEdxNnh0ejROSWxNTlZCRXFUYgpEUkY3Y0JSc1lhY1M5MkU1WDZKdDFEOEs4cFhndXpIUmFjdkxSdjIyY2tPc0pLcFZtUjQxRmI0MUZ0YzFvZnF2CnZicnlYRlQrN1NuR3ZzZ1Uwdld1aXZNenI1MThScUEwUjNBM2VYaHdWaFg0Qm1qNzJXUG9uZzJUMEVSdk14QXoKb1dISlJsQWpNVFVSb2ZTK09zL3VySmJZdkU5ZTlTcnlaSU8rSGUyVE92TmowRENCdHQ5YXcwMFlHYkpBbEg4bAppWnlyR1ZGa3FrVGtYRHJHd1J2NU1zTzJyTmpFVlY0VU5zRS91SW1ZRVpocTdnMkRDWkcwUzVYam9KOVR1aUJqCmJuWEV1MGhVb201UkhpbmVmWmlieXl5cFY4SXgrMEVXT0piVWpnb1RKQTJ6SlpWb3VlcXJHQkNCd0VxZEJlS3YKeFhnTWxTMjlOYTR0Mjl0VEd1RXlHR253OXFRSkhzUVgrdmFLcWpQQkRkVmViemdqZUZmczBKUVk5c25PVGhRWgp5S3JLVHNEenlSVXFlVzZXTnY1b0twZGo2TDRmSStaYVdyUm9DSGgzMndLeTdkK1A3ejFGUVJUc0pCem1uVThECkgxM1JmaUhVK3VPZ1RrRmtKalJVMGViWAotLS0tLUVORCBDRVJUSUZJQ0FURS0tLS0tCg==",
                "client_key": "LS0tLS1CRUdJTiBSU0EgUFJJVkFURSBLRVktLS0tLQpNSUlKS1FJQkFBS0NBZ0VBdjlVODE0ZDZyMDkyVVJQbG5GM3AvYUR0a3o0cExtcXo3dUpvTFZBUEdIOUdBWTE5CnRWMitLTXRZQTlweXFqZjFPK0NEdytEaHRLajR2RXd0RU9MeU1MNWF3K2hsWWw2Y2g0ZzZqNUl6aGNMa2tHTGgKOXBONGlsdktHaDJDMXR2TXJsVVI4VUxIeWh1Rjd0eHVTRHJIdHVML0ViN0d2Sko1T2RzaUhWRHJnNEFFSWl6SgpyRVlzcXo0aWlHMURCc0hIb2NCSXRDMFRLbzFZUlNYcHcweHp5TG45N1lvZ2R6VGNjbVE0ZjM4a0VIY1FkTkcvClFhSy9zN05GcUlzYjYxTzFPNDFDdjh2SkFkVkdLZDBFWXEvTkFSdjB1MkhEM3lBMksrencvNEhUNDFEUGp5T0MKYWxmTk9LUGpMUklmY1lzSzloMXBxUHUrNm1uZlhBOHVETzRPMUNnUFZ2SVc2UFY3UEhncFNoR2pxd0gweUtxegpZZXc3bUljUTNyUFdWRVFUVGgvSmYvdHVYOTBBbkUvbDR5MllWeXN2cXdFUWFHazVha3h0bWdJVFpkOEFJbW5LClFOalRBWEl6Q1U3K09zTytJTTErRE1wVUptMGVzMlZzRWFUaTFUUmNmRXVReUJIMFNjMktDeFJrV1FOajZrR08KWFUyMURpb29HZFhqcVY2cUtrRmNTc3BMTExGTkllUDNEMlNKYThnR1dqaXRmT3FueVNvMHR0OVhLQzNmOGdsKwoxWTBQZk4yYXRqMUdoY1cvQUdZRVgyMS9SdVNKelZwaXpqaHpaTC9qVjg1NUkxVWhWMUVTc3p6SHBuRDlBUWc0CjdMTzJxZXVNc1FBQUJBRlpPV2QrV0Qxd0pYL1VNbzl4cWpmUFNYOEdtQUpqbUg3MTZDbTlxaGJVbzhNQ0F3RUEKQVFLQ0FnQUZHdGVUcExkUEV2NURDaFNDSkwybFVqTUFTQmN3ZFFaMHhQR2d3eENqeGo5R3EwMDlGbEdKSkdBagpPaHp6Q3Fvci9iMkQ2T2dZdHFabjNGOFdvL050K0tMUnM4MSs0S1dwdGFaWlM3cXpSSXh3aXpFWUxyUjJlaHJXCnR4SlVSV1VjL29hTHRRczhCWjk2eThMamlTem5ZUU1JcGRzRUNhSFFPRlNnRXhjeFdLYkRnZzJiMkFJNFRGNysKNG1sMk5KSHJiQUtEU08vSm9obEhQY3NLdDI0ZFdWVzRqSVJ3cDZkMkk5U2REL1VWdXhWbEJtL2dmMFE2cy9xVwprWjBjbGcyc21BVyt0TjJVZnVodkZNS1pIYlNHNHdlUU5QblJaam9LMFROWW1VdmFNTHhWUXN5bHA5QitRVjQ2ClJORXhaRkhXV3RJRS9TNEhidW5TdVZTd1kyVmhsQ0dtWE5qTE5mS1hRWll1U09tQzE5dkR4U09mdDI4ZEF3SjYKS3I1Tkdla1VMek45anliSDg3Y2ZCTUg1S09zd0N6UWJ1UmtYdUJaWEhJU2ljWDVwbnhjY05qWVU0blZrWUFKUApMZXpVZHFyMzB5ZDhncHlkMmpHWnQxV0R2dXh5d3JvaFhqWGJjcW5CN3RReStBa2pGd1FSTkpLOXBVMkZhSnlMCjNORERWMTBMRnZ0Rkp1RVRZS2NydTYwbUJsbGNudnVETXBQTUIxaXRxRHlONkt3YWx4NitqZFBhV2x1cVFZVFAKSmh0QUo3M2NDNzFRRXJYeU1pcmlMdlI0RXY5bTRDSlZIekYwNnpSZjczWXhaRG9HTmdUdlZOaEgvUk0vMHVDRQpCUCsvVXhlckltYUJUVjViZHFFcmRKQUpFY3BiU1Jwd0xlSldWVGczQXdNanlINGhnUUtDQVFFQTVtdk9ZWU5BCmxVOTlBcCtsNXlSVkFpWkN0cno0bFl0enJiUXZ2cnVWYVJIRmx6VnZYSG1IK0NzYy9uNXFjWXZ6N2tPb1BEclcKU1FmWnpYdHFydkdzTW9YL2ZKMWt1SzRCUWkvWkF5Z3QrLzBMbHpGaVNZVGNOaUI4Q2pxTk5heC8vdlhPZUdxcApGK3FhaTc2c204ckpBb1hHR08vUTR4MXQ4VkVnYTJON1Q5M05sckNaVEY5YVB5Q29tYWxHKzhmVjlraEpsSVNHCmxVcHRjWWZreWJqMDkrSUxMWWp6QmJDZ1ZucHM4aGMxRmJMYVcyaTl2WXk4dU9RaXNFSGxmNkJ1dk8rVEFvYUkKaWVBNVJtWnVpblJEZmh0eFdtL2oyQ1pUZHFqbU5uVllPV0tTUmdFTW1EeVNMbHBHS2pydDZ6aXJzRXVHTk9jTgp3TmZKMzFWUlU5cVVsd0tDQVFFQTFTRFJsNzhaUzFzaGZQV3laQkdTM01nZWV4anRsa1hObzJzd2lpeGlEY1MvCnIyRGU2WG1zRS9GSGpsS2p3blRDbCtpbE8rZzladS9yckRIQUNqTGg5NGFSdEhpOFZ3REVyZHRobFRxd3E2ZDQKSVVOU0h5MHFydHBwdHVjVlpjb01oYlh1WEtnNTZOVlhHUGU2bnIvYkl3dm9MTHpCUVFiSm1OaXFpWWN6NlNueQpZMGRGSThKanpwSCt2bTVwODJwQUMwT2QxczJTRGpjTHU5K1dtZ1VQZ2lCTVdtN1FBSjJZMU1TWGkydDEwNUYyCjFaQ0F6WmlTWDc3YzQ5NGRwUEFMTjU1eVh2SUFSbDREcE1oVG00TXM3SXc1c1YxMmRPeGpwaWs5RDNLTTFRZGEKZnpHWWxNK2pCdENFTnVjNjIxbjdQcC9mUW94ZEFuRGZsQkxNZkR5enRRS0NBUUVBa0ZoU3BqV1IzTGM1NmMzWApJVEJhYklsSlc2NlB6eWJYNWFZdURyNzJQeWJaNy9xU2M0elNoNzJDWVU4U0lXVjUvdlcxUzEzVVpWV2N0S091CjFqOGhEMWx3RGtHUEdqNHZIYVpadlNlTGZ3TXJJcURXSUpZeFdWc0tPV0lxbWNnaE9yZ0RpdDNPWmVRYXdwWkYKRFNlQXVxclF5VWhhUkJ4b2hqYTdKMnJma2MyeC84ZExrVk5lZHBOZjZ6cm04ODFoRlBKOTNhTVRxQ3hDMlU4MwpITU5YK24xSllWSWNZNkVkSUc5N0ZrRkJpUUZNMXR5TG1GVzAxK0phZEs0ak5jdHI4OEhsQnp6K0JkbElKL2o5CklKRHF3dkl3Rldab2hqeWtKbjV5RVFWN3FoODg0TXZCZHhEaXhsVFpCWlY2KzlLNWd5d2N1OEZPbFZMWTdLWkcKMTAvanF3S0NBUUF3TmhsVGMxWWNkc1B2aVlET0pDK05vL05KTTAxalplenJuNjYrUXVYM2FWOVhJOW1wQk80SgpJTlpuK29leTBFaklwa2JpYzFtWWRJTmlVMnEybytYNzRVUUtpQmxLc1JETXAwaSt3aVQrMzRaTU4vZFd1QmZrCnIrR2tEMGdHMjVyVGtHRVlNckhPMnB1Mk9Tdk5CMmRoMlNxdkhBKzNUdnJCaVptaVBLUmdoUzJnaVptNVNocmIKdXFqZW1RbDhsN2RmRk8rYWpLd1NiUjlKWTMyazM2b3ZiSEQ1TUFIN2Nhc0Z6bWJka2ZSNFpIcDJPeGIzNnlDSgphaHA3clY0VlZudWpIRU9RK0x0Wkw2RXhZR09SVlM0UFlIVVlpeVRsdENlaWljZVhPL2xob3lVMGlwcVNaeG5nCnk4QnN6d2ZBWU8xMXNDS0g0a3FUNThhYnIxajBiYUxWQW9JQkFRQ0JJRThocFM2MVZkQkNNeXgvYklpWjZhSVoKK0RYY0xTSDBMZWEvbW83bHJUczFPOVMvVWZYZmcyYkRNSXB4V0FDdTFqaE5xVC9iRWVYY3ZnNno2YzM0TUxZVAp6VlYrdzZra2JPTW9DTEdOaW5EZ3lwRmZCTU1Tcys0a1ZoVHQ5aDhNRHZxcHZwS0hqZDJiS1QyL3NBeEcvNTZGCks3eWVKb3BjVVdMeW1IZ053ODFsazBHaE5OaFdVc1RBVE5NNk12M2N6TmNJSGZqSXRUUVNGanR0YkZZdU56RjQKSVJmLzJRdS8wNXhIdHlTSTZOTWhnWm5IZk1SWjl0VDM2RHZTV2Q4WlhLZmxXWE50UHVsQ0l4cVplOHE1YnNBagpyb3VMclFhVVZyeW5FOWRLYVcvRVFsU3FOM0ZteGNFTml1TTBpb28rcjhGK2lHVWNmMFhoaWVUYi9oeHEKLS0tLS1FTkQgUlNBIFBSSVZBVEUgS0VZLS0tLS0K",
                "cluster_ca_certificate": "LS0tLS1CRUdJTiBDRVJUSUZJQ0FURS0tLS0tCk1JSUU2RENDQXRDZ0F3SUJBZ0lRYkZJVkJUVFU2RlBuVUNVMFJyMkV4VEFOQmdrcWhraUc5dzBCQVFzRkFEQU4KTVFzd0NRWURWUVFERXdKallUQWdGdzB5TXpBeU1UWXdNekV5TXpkYUdBOHlNRFV6TURJeE5qQXpNakl6TjFvdwpEVEVMTUFrR0ExVUVBeE1DWTJFd2dnSWlNQTBHQ1NxR1NJYjNEUUVCQVFVQUE0SUNEd0F3Z2dJS0FvSUNBUURSCmgyeHhIM0Q5NDBFSG81M0hBeTZKTnlJN0tvT2hKd0tNWWRpRlVNVThqVy9UeDdCYTljWElXVXIyK29JQkdSVTcKcVc0eWZLLzc2VEhiWk5jb2U0ZWladVpHbUF1eXM2YWZGNHJ2U1pkUWxINGg2Y0hHK2h6MTdqYTFQWE1neHNBeApLUXViMEFMQWxFWHBDUEJKb29SZU13SUNNUlJwMzdWSmJjV1d0WFhVYVBicXR2U3JUR3dmZklQVFFzVzdQeEJxCjRtd0xOTC9OYkI1OTFKUHc1VjRFd1NPdDhnSWVweTAvamhLb0lxTzJ4WkJNaXVKMEZIS282ODVyQmNXRGI0RHcKd2w4SHZ6a0tObkNBRVBhb29tU2JaNk85THpISkljUDdwOE50SU54OFQ4Y1BrYUxkekdsb0VhSUgvQ2xUcmFYSQpOVVJ3OGtHV1d3S0xtZUpjUDhpK21wNzRMNzNQMFlUTXExU1FQbG9iaFYxcXVUNjN2YnoxOXVlUkJBWE81OExhCmVXRU51TmdQckkxMzFhQXd1cXQvZlpkRjZYdUpNbTF0M0FSb29FUkFKVExnMVRlSTMwK2tQNEhSZ2ZERVpQeU4KUUljdkpTMys5bWptUy9aT1EyODBFenp4QTBFcGRKNm1SQUJBS2pIODhDcDIzNTVZbE05RWZQcHNORXJ2dk1IZApZWTJwTTRvNURtWUNpTXMvRGk4SzFBT3lRWGxhU2lqR1M5cERucFlsZjNpcHJhZUxVbHZYTWtpTDQyQVFYamRMCkFvZ01zanlya2xWYkIvWHB3SHkzVGFOeXBCeGxKdUNyYWx0SUM0UVZnV3B3MWI2TmhZdncxOWhqOTBEU2h5S0YKSVNyelJIRlM3SjVEb0ttWDVPTUVFcGxpVUlYclVidkcyU0pEOGdTMGd3SURBUUFCbzBJd1FEQU9CZ05WSFE4QgpBZjhFQkFNQ0FxUXdEd1lEVlIwVEFRSC9CQVV3QXdFQi96QWRCZ05WSFE0RUZnUVUxMVVwVU5WeWFlTFdDZFFnCjZtSzFDU2JGRzVFd0RRWUpLb1pJaHZjTkFRRUxCUUFEZ2dJQkFDUG5xc1FIQUdpTm1McUo1QXQ0Z3ZEbDFQRDcKZEZjcWdOQjJCMnQ4ZE96c3IvNjVEcHErWEpUR0FaUTcxWTRqdk5rcjN6MGd1ODVvOWlwQk9YS2xMUUxMb1BNYgovN2xjajY1aFYzR2wzeXBjK0pzMkozNkM4ckRrbmFydEt2NmtlYjNKc2crV2pRU1p5eFlWQ1NvUWx4bHBHTUxRCldydHErWDRFZGJKeVI5UklXV0x2L0gzV08wM2N1NXd2UGdjL25YK1NXekRGWmNCd0dwaHl5ZWIyMmJFWE84Mk0KSWg0RDVLN0N4SEFaZURCdjlWWTg4N2dhK1F4ajZHVEdBWTl4YlhWcUU3UFB5a0tHRDA0VDNnVmZ5OXNIRHFhZwpIL0cydWFtV1dCNXRFaDdoTGVFM0hhcHUvZUFXTncyYWMxVHdQY1ZmTjh0ZmtEUUF1K1M3WEhFZzB4SHRvUlNhCmIwSGQ1WEdJVjJVc1IrdVRhbG45Sm1wSTJVSUEweGxncUFUbHNSaGQrYms4TXNmMVBPZmZwMnZIMkF1NU54cUoKbTBGcmhUeDQ4aE5LbUNNd2pFSFNuNGVhbm1ucFBNaktScDg3L0JPZ3d0RGNFUUJtZDZ6aTZXOWtYd3VZeHJOdQpoaE1zT1FsMThnSGwxbUlEOStnK1FCRnVPSVJjRkRUL2ViS2NtRFE3V2FDSHB6V2s0VEwxSXArOGt3VGRkNEJ2ClpDallKWXU5OGZnbHNqa1FnRWxma0x6WTNINzBFaFc3akVnTjR4UGhDQXdJamdHZERNc2F4a1ZwS1JYTHQ2bFoKVnNZZDRtclphUXN4L2lLeDliL1Ntcm5XV3dUUlE5bmxBOE1JZndGcjFkL3FlUW5mUWx0L1JQN0M4UW1OSW9ZRQpQTU84ZTF2YWdiMkU0VFUyCi0tLS0tRU5EIENFUlRJRklDQVRFLS0tLS0K",
                "host": "https://chapter9softarch-e6e4dbaf.hcp.southeastasia.azmk8s.io:443",
                "password": "45b3043150ab6e91117946ba93266d7a7315314b35f16936d41c8255287685affc9ca5f37d01e1c0fdfe80c930d37f950c5b99b21bd28dbe008f90aafa09e3b2",
                "username": "clusterUser_chapter9softarch_chapter9softarch"
              }
            ],
            "kube_config_raw": "apiVersion: v1\nclusters:\n- cluster:\n    certificate-authority-data: LS0tLS1CRUdJTiBDRVJUSUZJQ0FURS0tLS0tCk1JSUU2RENDQXRDZ0F3SUJBZ0lRYkZJVkJUVFU2RlBuVUNVMFJyMkV4VEFOQmdrcWhraUc5dzBCQVFzRkFEQU4KTVFzd0NRWURWUVFERXdKallUQWdGdzB5TXpBeU1UWXdNekV5TXpkYUdBOHlNRFV6TURJeE5qQXpNakl6TjFvdwpEVEVMTUFrR0ExVUVBeE1DWTJFd2dnSWlNQTBHQ1NxR1NJYjNEUUVCQVFVQUE0SUNEd0F3Z2dJS0FvSUNBUURSCmgyeHhIM0Q5NDBFSG81M0hBeTZKTnlJN0tvT2hKd0tNWWRpRlVNVThqVy9UeDdCYTljWElXVXIyK29JQkdSVTcKcVc0eWZLLzc2VEhiWk5jb2U0ZWladVpHbUF1eXM2YWZGNHJ2U1pkUWxINGg2Y0hHK2h6MTdqYTFQWE1neHNBeApLUXViMEFMQWxFWHBDUEJKb29SZU13SUNNUlJwMzdWSmJjV1d0WFhVYVBicXR2U3JUR3dmZklQVFFzVzdQeEJxCjRtd0xOTC9OYkI1OTFKUHc1VjRFd1NPdDhnSWVweTAvamhLb0lxTzJ4WkJNaXVKMEZIS282ODVyQmNXRGI0RHcKd2w4SHZ6a0tObkNBRVBhb29tU2JaNk85THpISkljUDdwOE50SU54OFQ4Y1BrYUxkekdsb0VhSUgvQ2xUcmFYSQpOVVJ3OGtHV1d3S0xtZUpjUDhpK21wNzRMNzNQMFlUTXExU1FQbG9iaFYxcXVUNjN2YnoxOXVlUkJBWE81OExhCmVXRU51TmdQckkxMzFhQXd1cXQvZlpkRjZYdUpNbTF0M0FSb29FUkFKVExnMVRlSTMwK2tQNEhSZ2ZERVpQeU4KUUljdkpTMys5bWptUy9aT1EyODBFenp4QTBFcGRKNm1SQUJBS2pIODhDcDIzNTVZbE05RWZQcHNORXJ2dk1IZApZWTJwTTRvNURtWUNpTXMvRGk4SzFBT3lRWGxhU2lqR1M5cERucFlsZjNpcHJhZUxVbHZYTWtpTDQyQVFYamRMCkFvZ01zanlya2xWYkIvWHB3SHkzVGFOeXBCeGxKdUNyYWx0SUM0UVZnV3B3MWI2TmhZdncxOWhqOTBEU2h5S0YKSVNyelJIRlM3SjVEb0ttWDVPTUVFcGxpVUlYclVidkcyU0pEOGdTMGd3SURBUUFCbzBJd1FEQU9CZ05WSFE4QgpBZjhFQkFNQ0FxUXdEd1lEVlIwVEFRSC9CQVV3QXdFQi96QWRCZ05WSFE0RUZnUVUxMVVwVU5WeWFlTFdDZFFnCjZtSzFDU2JGRzVFd0RRWUpLb1pJaHZjTkFRRUxCUUFEZ2dJQkFDUG5xc1FIQUdpTm1McUo1QXQ0Z3ZEbDFQRDcKZEZjcWdOQjJCMnQ4ZE96c3IvNjVEcHErWEpUR0FaUTcxWTRqdk5rcjN6MGd1ODVvOWlwQk9YS2xMUUxMb1BNYgovN2xjajY1aFYzR2wzeXBjK0pzMkozNkM4ckRrbmFydEt2NmtlYjNKc2crV2pRU1p5eFlWQ1NvUWx4bHBHTUxRCldydHErWDRFZGJKeVI5UklXV0x2L0gzV08wM2N1NXd2UGdjL25YK1NXekRGWmNCd0dwaHl5ZWIyMmJFWE84Mk0KSWg0RDVLN0N4SEFaZURCdjlWWTg4N2dhK1F4ajZHVEdBWTl4YlhWcUU3UFB5a0tHRDA0VDNnVmZ5OXNIRHFhZwpIL0cydWFtV1dCNXRFaDdoTGVFM0hhcHUvZUFXTncyYWMxVHdQY1ZmTjh0ZmtEUUF1K1M3WEhFZzB4SHRvUlNhCmIwSGQ1WEdJVjJVc1IrdVRhbG45Sm1wSTJVSUEweGxncUFUbHNSaGQrYms4TXNmMVBPZmZwMnZIMkF1NU54cUoKbTBGcmhUeDQ4aE5LbUNNd2pFSFNuNGVhbm1ucFBNaktScDg3L0JPZ3d0RGNFUUJtZDZ6aTZXOWtYd3VZeHJOdQpoaE1zT1FsMThnSGwxbUlEOStnK1FCRnVPSVJjRkRUL2ViS2NtRFE3V2FDSHB6V2s0VEwxSXArOGt3VGRkNEJ2ClpDallKWXU5OGZnbHNqa1FnRWxma0x6WTNINzBFaFc3akVnTjR4UGhDQXdJamdHZERNc2F4a1ZwS1JYTHQ2bFoKVnNZZDRtclphUXN4L2lLeDliL1Ntcm5XV3dUUlE5bmxBOE1JZndGcjFkL3FlUW5mUWx0L1JQN0M4UW1OSW9ZRQpQTU84ZTF2YWdiMkU0VFUyCi0tLS0tRU5EIENFUlRJRklDQVRFLS0tLS0K\n    server: https://chapter9softarch-e6e4dbaf.hcp.southeastasia.azmk8s.io:443\n  name: chapter9softarch\ncontexts:\n- context:\n    cluster: chapter9softarch\n    user: clusterUser_chapter9softarch_chapter9softarch\n  name: chapter9softarch\ncurrent-context: chapter9softarch\nkind: Config\npreferences: {}\nusers:\n- name: clusterUser_chapter9softarch_chapter9softarch\n  user:\n    client-certificate-data: LS0tLS1CRUdJTiBDRVJUSUZJQ0FURS0tLS0tCk1JSUZIakNDQXdhZ0F3SUJBZ0lSQVAyZHhuTEJLZ3d4WHJNWEloVDBCRm93RFFZSktvWklodmNOQVFFTEJRQXcKRFRFTE1Ba0dBMVVFQXhNQ1kyRXdIaGNOTWpNd01qRTJNRE14TWpNM1doY05NalV3TWpFMk1ETXlNak0zV2pBdwpNUmN3RlFZRFZRUUtFdzV6ZVhOMFpXMDZiV0Z6ZEdWeWN6RVZNQk1HQTFVRUF4TU1iV0Z6ZEdWeVkyeHBaVzUwCk1JSUNJakFOQmdrcWhraUc5dzBCQVFFRkFBT0NBZzhBTUlJQ0NnS0NBZ0VBdjlVODE0ZDZyMDkyVVJQbG5GM3AKL2FEdGt6NHBMbXF6N3VKb0xWQVBHSDlHQVkxOXRWMitLTXRZQTlweXFqZjFPK0NEdytEaHRLajR2RXd0RU9MeQpNTDVhdytobFlsNmNoNGc2ajVJemhjTGtrR0xoOXBONGlsdktHaDJDMXR2TXJsVVI4VUxIeWh1Rjd0eHVTRHJICnR1TC9FYjdHdkpKNU9kc2lIVkRyZzRBRUlpekpyRVlzcXo0aWlHMURCc0hIb2NCSXRDMFRLbzFZUlNYcHcweHoKeUxuOTdZb2dkelRjY21RNGYzOGtFSGNRZE5HL1FhSy9zN05GcUlzYjYxTzFPNDFDdjh2SkFkVkdLZDBFWXEvTgpBUnYwdTJIRDN5QTJLK3p3LzRIVDQxRFBqeU9DYWxmTk9LUGpMUklmY1lzSzloMXBxUHUrNm1uZlhBOHVETzRPCjFDZ1BWdklXNlBWN1BIZ3BTaEdqcXdIMHlLcXpZZXc3bUljUTNyUFdWRVFUVGgvSmYvdHVYOTBBbkUvbDR5MlkKVnlzdnF3RVFhR2s1YWt4dG1nSVRaZDhBSW1uS1FOalRBWEl6Q1U3K09zTytJTTErRE1wVUptMGVzMlZzRWFUaQoxVFJjZkV1UXlCSDBTYzJLQ3hSa1dRTmo2a0dPWFUyMURpb29HZFhqcVY2cUtrRmNTc3BMTExGTkllUDNEMlNKCmE4Z0dXaml0Zk9xbnlTbzB0dDlYS0MzZjhnbCsxWTBQZk4yYXRqMUdoY1cvQUdZRVgyMS9SdVNKelZwaXpqaHoKWkwvalY4NTVJMVVoVjFFU3N6ekhwbkQ5QVFnNDdMTzJxZXVNc1FBQUJBRlpPV2QrV0Qxd0pYL1VNbzl4cWpmUApTWDhHbUFKam1INzE2Q205cWhiVW84TUNBd0VBQWFOV01GUXdEZ1lEVlIwUEFRSC9CQVFEQWdXZ01CTUdBMVVkCkpRUU1NQW9HQ0NzR0FRVUZCd01DTUF3R0ExVWRFd0VCL3dRQ01BQXdId1lEVlIwakJCZ3dGb0FVMTFVcFVOVnkKYWVMV0NkUWc2bUsxQ1NiRkc1RXdEUVlKS29aSWh2Y05BUUVMQlFBRGdnSUJBR2VBSG91RWlOdENEd2U2Unk4RwpGekdyU3dNMnFVRlQwZDJZaUl4RzVDVUxxRG1pREtjZjM2cnZUa3VhOVFacnRiZURoaGR1NCtacU5neGJQaTVDCm1Bc2VKVWVIR2RvWGxuWThoWGRwcG9HWGNsZ3YzL2hKWVA1Y3Q4dUVUVUxTTUVTWGtZalFqS3owUUdJeDFzVkkKZ0R3cXZhZ0Y2bjY3OHlDWDRYbWdjcC8xVFdJemxRRS9VMTZOZEZPdlgxQ3FSbEdxNnh0ejROSWxNTlZCRXFUYgpEUkY3Y0JSc1lhY1M5MkU1WDZKdDFEOEs4cFhndXpIUmFjdkxSdjIyY2tPc0pLcFZtUjQxRmI0MUZ0YzFvZnF2CnZicnlYRlQrN1NuR3ZzZ1Uwdld1aXZNenI1MThScUEwUjNBM2VYaHdWaFg0Qm1qNzJXUG9uZzJUMEVSdk14QXoKb1dISlJsQWpNVFVSb2ZTK09zL3VySmJZdkU5ZTlTcnlaSU8rSGUyVE92TmowRENCdHQ5YXcwMFlHYkpBbEg4bAppWnlyR1ZGa3FrVGtYRHJHd1J2NU1zTzJyTmpFVlY0VU5zRS91SW1ZRVpocTdnMkRDWkcwUzVYam9KOVR1aUJqCmJuWEV1MGhVb201UkhpbmVmWmlieXl5cFY4SXgrMEVXT0piVWpnb1RKQTJ6SlpWb3VlcXJHQkNCd0VxZEJlS3YKeFhnTWxTMjlOYTR0Mjl0VEd1RXlHR253OXFRSkhzUVgrdmFLcWpQQkRkVmViemdqZUZmczBKUVk5c25PVGhRWgp5S3JLVHNEenlSVXFlVzZXTnY1b0twZGo2TDRmSStaYVdyUm9DSGgzMndLeTdkK1A3ejFGUVJUc0pCem1uVThECkgxM1JmaUhVK3VPZ1RrRmtKalJVMGViWAotLS0tLUVORCBDRVJUSUZJQ0FURS0tLS0tCg==\n    client-key-data: LS0tLS1CRUdJTiBSU0EgUFJJVkFURSBLRVktLS0tLQpNSUlKS1FJQkFBS0NBZ0VBdjlVODE0ZDZyMDkyVVJQbG5GM3AvYUR0a3o0cExtcXo3dUpvTFZBUEdIOUdBWTE5CnRWMitLTXRZQTlweXFqZjFPK0NEdytEaHRLajR2RXd0RU9MeU1MNWF3K2hsWWw2Y2g0ZzZqNUl6aGNMa2tHTGgKOXBONGlsdktHaDJDMXR2TXJsVVI4VUxIeWh1Rjd0eHVTRHJIdHVML0ViN0d2Sko1T2RzaUhWRHJnNEFFSWl6SgpyRVlzcXo0aWlHMURCc0hIb2NCSXRDMFRLbzFZUlNYcHcweHp5TG45N1lvZ2R6VGNjbVE0ZjM4a0VIY1FkTkcvClFhSy9zN05GcUlzYjYxTzFPNDFDdjh2SkFkVkdLZDBFWXEvTkFSdjB1MkhEM3lBMksrencvNEhUNDFEUGp5T0MKYWxmTk9LUGpMUklmY1lzSzloMXBxUHUrNm1uZlhBOHVETzRPMUNnUFZ2SVc2UFY3UEhncFNoR2pxd0gweUtxegpZZXc3bUljUTNyUFdWRVFUVGgvSmYvdHVYOTBBbkUvbDR5MllWeXN2cXdFUWFHazVha3h0bWdJVFpkOEFJbW5LClFOalRBWEl6Q1U3K09zTytJTTErRE1wVUptMGVzMlZzRWFUaTFUUmNmRXVReUJIMFNjMktDeFJrV1FOajZrR08KWFUyMURpb29HZFhqcVY2cUtrRmNTc3BMTExGTkllUDNEMlNKYThnR1dqaXRmT3FueVNvMHR0OVhLQzNmOGdsKwoxWTBQZk4yYXRqMUdoY1cvQUdZRVgyMS9SdVNKelZwaXpqaHpaTC9qVjg1NUkxVWhWMUVTc3p6SHBuRDlBUWc0CjdMTzJxZXVNc1FBQUJBRlpPV2QrV0Qxd0pYL1VNbzl4cWpmUFNYOEdtQUpqbUg3MTZDbTlxaGJVbzhNQ0F3RUEKQVFLQ0FnQUZHdGVUcExkUEV2NURDaFNDSkwybFVqTUFTQmN3ZFFaMHhQR2d3eENqeGo5R3EwMDlGbEdKSkdBagpPaHp6Q3Fvci9iMkQ2T2dZdHFabjNGOFdvL050K0tMUnM4MSs0S1dwdGFaWlM3cXpSSXh3aXpFWUxyUjJlaHJXCnR4SlVSV1VjL29hTHRRczhCWjk2eThMamlTem5ZUU1JcGRzRUNhSFFPRlNnRXhjeFdLYkRnZzJiMkFJNFRGNysKNG1sMk5KSHJiQUtEU08vSm9obEhQY3NLdDI0ZFdWVzRqSVJ3cDZkMkk5U2REL1VWdXhWbEJtL2dmMFE2cy9xVwprWjBjbGcyc21BVyt0TjJVZnVodkZNS1pIYlNHNHdlUU5QblJaam9LMFROWW1VdmFNTHhWUXN5bHA5QitRVjQ2ClJORXhaRkhXV3RJRS9TNEhidW5TdVZTd1kyVmhsQ0dtWE5qTE5mS1hRWll1U09tQzE5dkR4U09mdDI4ZEF3SjYKS3I1Tkdla1VMek45anliSDg3Y2ZCTUg1S09zd0N6UWJ1UmtYdUJaWEhJU2ljWDVwbnhjY05qWVU0blZrWUFKUApMZXpVZHFyMzB5ZDhncHlkMmpHWnQxV0R2dXh5d3JvaFhqWGJjcW5CN3RReStBa2pGd1FSTkpLOXBVMkZhSnlMCjNORERWMTBMRnZ0Rkp1RVRZS2NydTYwbUJsbGNudnVETXBQTUIxaXRxRHlONkt3YWx4NitqZFBhV2x1cVFZVFAKSmh0QUo3M2NDNzFRRXJYeU1pcmlMdlI0RXY5bTRDSlZIekYwNnpSZjczWXhaRG9HTmdUdlZOaEgvUk0vMHVDRQpCUCsvVXhlckltYUJUVjViZHFFcmRKQUpFY3BiU1Jwd0xlSldWVGczQXdNanlINGhnUUtDQVFFQTVtdk9ZWU5BCmxVOTlBcCtsNXlSVkFpWkN0cno0bFl0enJiUXZ2cnVWYVJIRmx6VnZYSG1IK0NzYy9uNXFjWXZ6N2tPb1BEclcKU1FmWnpYdHFydkdzTW9YL2ZKMWt1SzRCUWkvWkF5Z3QrLzBMbHpGaVNZVGNOaUI4Q2pxTk5heC8vdlhPZUdxcApGK3FhaTc2c204ckpBb1hHR08vUTR4MXQ4VkVnYTJON1Q5M05sckNaVEY5YVB5Q29tYWxHKzhmVjlraEpsSVNHCmxVcHRjWWZreWJqMDkrSUxMWWp6QmJDZ1ZucHM4aGMxRmJMYVcyaTl2WXk4dU9RaXNFSGxmNkJ1dk8rVEFvYUkKaWVBNVJtWnVpblJEZmh0eFdtL2oyQ1pUZHFqbU5uVllPV0tTUmdFTW1EeVNMbHBHS2pydDZ6aXJzRXVHTk9jTgp3TmZKMzFWUlU5cVVsd0tDQVFFQTFTRFJsNzhaUzFzaGZQV3laQkdTM01nZWV4anRsa1hObzJzd2lpeGlEY1MvCnIyRGU2WG1zRS9GSGpsS2p3blRDbCtpbE8rZzladS9yckRIQUNqTGg5NGFSdEhpOFZ3REVyZHRobFRxd3E2ZDQKSVVOU0h5MHFydHBwdHVjVlpjb01oYlh1WEtnNTZOVlhHUGU2bnIvYkl3dm9MTHpCUVFiSm1OaXFpWWN6NlNueQpZMGRGSThKanpwSCt2bTVwODJwQUMwT2QxczJTRGpjTHU5K1dtZ1VQZ2lCTVdtN1FBSjJZMU1TWGkydDEwNUYyCjFaQ0F6WmlTWDc3YzQ5NGRwUEFMTjU1eVh2SUFSbDREcE1oVG00TXM3SXc1c1YxMmRPeGpwaWs5RDNLTTFRZGEKZnpHWWxNK2pCdENFTnVjNjIxbjdQcC9mUW94ZEFuRGZsQkxNZkR5enRRS0NBUUVBa0ZoU3BqV1IzTGM1NmMzWApJVEJhYklsSlc2NlB6eWJYNWFZdURyNzJQeWJaNy9xU2M0elNoNzJDWVU4U0lXVjUvdlcxUzEzVVpWV2N0S091CjFqOGhEMWx3RGtHUEdqNHZIYVpadlNlTGZ3TXJJcURXSUpZeFdWc0tPV0lxbWNnaE9yZ0RpdDNPWmVRYXdwWkYKRFNlQXVxclF5VWhhUkJ4b2hqYTdKMnJma2MyeC84ZExrVk5lZHBOZjZ6cm04ODFoRlBKOTNhTVRxQ3hDMlU4MwpITU5YK24xSllWSWNZNkVkSUc5N0ZrRkJpUUZNMXR5TG1GVzAxK0phZEs0ak5jdHI4OEhsQnp6K0JkbElKL2o5CklKRHF3dkl3Rldab2hqeWtKbjV5RVFWN3FoODg0TXZCZHhEaXhsVFpCWlY2KzlLNWd5d2N1OEZPbFZMWTdLWkcKMTAvanF3S0NBUUF3TmhsVGMxWWNkc1B2aVlET0pDK05vL05KTTAxalplenJuNjYrUXVYM2FWOVhJOW1wQk80SgpJTlpuK29leTBFaklwa2JpYzFtWWRJTmlVMnEybytYNzRVUUtpQmxLc1JETXAwaSt3aVQrMzRaTU4vZFd1QmZrCnIrR2tEMGdHMjVyVGtHRVlNckhPMnB1Mk9Tdk5CMmRoMlNxdkhBKzNUdnJCaVptaVBLUmdoUzJnaVptNVNocmIKdXFqZW1RbDhsN2RmRk8rYWpLd1NiUjlKWTMyazM2b3ZiSEQ1TUFIN2Nhc0Z6bWJka2ZSNFpIcDJPeGIzNnlDSgphaHA3clY0VlZudWpIRU9RK0x0Wkw2RXhZR09SVlM0UFlIVVlpeVRsdENlaWljZVhPL2xob3lVMGlwcVNaeG5nCnk4QnN6d2ZBWU8xMXNDS0g0a3FUNThhYnIxajBiYUxWQW9JQkFRQ0JJRThocFM2MVZkQkNNeXgvYklpWjZhSVoKK0RYY0xTSDBMZWEvbW83bHJUczFPOVMvVWZYZmcyYkRNSXB4V0FDdTFqaE5xVC9iRWVYY3ZnNno2YzM0TUxZVAp6VlYrdzZra2JPTW9DTEdOaW5EZ3lwRmZCTU1Tcys0a1ZoVHQ5aDhNRHZxcHZwS0hqZDJiS1QyL3NBeEcvNTZGCks3eWVKb3BjVVdMeW1IZ053ODFsazBHaE5OaFdVc1RBVE5NNk12M2N6TmNJSGZqSXRUUVNGanR0YkZZdU56RjQKSVJmLzJRdS8wNXhIdHlTSTZOTWhnWm5IZk1SWjl0VDM2RHZTV2Q4WlhLZmxXWE50UHVsQ0l4cVplOHE1YnNBagpyb3VMclFhVVZyeW5FOWRLYVcvRVFsU3FOM0ZteGNFTml1TTBpb28rcjhGK2lHVWNmMFhoaWVUYi9oeHEKLS0tLS1FTkQgUlNBIFBSSVZBVEUgS0VZLS0tLS0K\n    token: 45b3043150ab6e91117946ba93266d7a7315314b35f16936d41c8255287685affc9ca5f37d01e1c0fdfe80c930d37f950c5b99b21bd28dbe008f90aafa09e3b2\n",
            "kubelet_identity": [],
            "kubernetes_version": "1.25.4",
            "linux_profile": [
              {
                "admin_username": "linux_admin",
                "ssh_key": [
                  {
                    "key_data": "ssh-rsa AAAAB3NzaC1yc2EAAAADAQABAAABAQDD/sqhs/hbWNsNpyNqAj30CJM57KW9xHm4Pz0Z4V70YB+mzghhcBv0IHlnrVMF+CH1F238dq80OgOLnhaxKZ6fxX7kieTMDtJF/nnF7F0Yrxtxcv+LtuKyTL/IQp6RD1rQmJ7m+Ux65S4C3LR98A7GYbClhjhXXe9P/3MnaScSm6cVXIWY+M3gphF5j5WYjGlGBnCqC2Nw5ZUJmvl1DZS4VhwmJbWQf++8fE1KWtHTfCjOVA17e75HFsx+3lV5hu5HAj5jfIb9TfPRFj+t82Fo/L/Kim8iT2acuqnFhiZaRFW2i/W2Ah/1UOtMrd1CoRNSGcJsTPy1X3YeZGqgWBOf linux_admin@azure.com"
                  }
                ]
              }
            ],
            "local_account_disabled": false,
            "location": "southeastasia",
            "maintenance_window": [],
            "microsoft_defender": [],
            "monitor_metrics": [],
            "name": "chapter9softarch",
            "network_profile": [
              {
                "dns_service_ip": "10.0.0.10",
                "docker_bridge_cidr": "172.17.0.1/16",
                "ebpf_data_plane": "",
                "ip_versions": [
                  "IPv4"
                ],
                "load_balancer_profile": [
                  {
                    "effective_outbound_ips": [
                      "/subscriptions/5fb199b3-4e86-4b7a-b3d7-829208a47ad4/resourceGroups/MC_chapter9softarch_chapter9softarch_southeastasia/providers/Microsoft.Network/publicIPAddresses/52bd9030-8a88-46e3-ab12-76984eaa4fdd"
                    ],
                    "idle_timeout_in_minutes": 0,
                    "managed_outbound_ip_count": 1,
                    "managed_outbound_ipv6_count": 0,
                    "outbound_ip_address_ids": [],
                    "outbound_ip_prefix_ids": [],
                    "outbound_ports_allocated": 0
                  }
                ],
                "load_balancer_sku": "standard",
                "nat_gateway_profile": [],
                "network_mode": "",
                "network_plugin": "kubenet",
                "network_plugin_mode": "",
                "network_policy": "",
                "outbound_type": "loadBalancer",
                "pod_cidr": "10.244.0.0/16",
                "pod_cidrs": [
                  "10.244.0.0/16"
                ],
                "service_cidr": "10.0.0.0/16",
                "service_cidrs": [
                  "10.0.0.0/16"
                ]
              }
            ],
            "node_resource_group": "MC_chapter9softarch_chapter9softarch_southeastasia",
            "oidc_issuer_enabled": false,
            "oidc_issuer_url": "",
            "oms_agent": [],
            "open_service_mesh_enabled": null,
            "portal_fqdn": "chapter9softarch-e6e4dbaf.portal.hcp.southeastasia.azmk8s.io",
            "private_cluster_enabled": false,
            "private_cluster_public_fqdn_enabled": false,
            "private_dns_zone_id": null,
            "private_fqdn": "",
            "public_network_access_enabled": true,
            "resource_group_name": "chapter9softarch",
            "role_based_access_control_enabled": true,
            "run_command_enabled": true,
            "service_principal": [
              {
                "client_id": "f5ce7b17-b4e6-44c9-a50f-7b0a90cdb1ea",
                "client_secret": "2_J8Q~F2z-qZ.CNjRW0AIM47uKztrUjTUqZ2cbcP"
              }
            ],
            "sku_tier": "Free",
            "storage_profile": [],
            "tags": null,
            "timeouts": null,
            "web_app_routing": [],
            "windows_profile": [],
            "workload_autoscaler_profile": [],
            "workload_identity_enabled": false
          },
          "sensitive_attributes": [],
          "private": "eyJlMmJmYjczMC1lY2FhLTExZTYtOGY4OC0zNDM2M2JjN2M0YzAiOnsiY3JlYXRlIjo1NDAwMDAwMDAwMDAwLCJkZWxldGUiOjU0MDAwMDAwMDAwMDAsInJlYWQiOjMwMDAwMDAwMDAwMCwidXBkYXRlIjo1NDAwMDAwMDAwMDAwfSwic2NoZW1hX3ZlcnNpb24iOiIyIn0=",
          "dependencies": [
            "azurerm_resource_group.flixtube",
            "tls_private_key.key"
          ]
        }
      ]
    },
    {
      "mode": "managed",
      "type": "azurerm_resource_group",
      "name": "flixtube",
      "provider": "provider[\"registry.terraform.io/hashicorp/azurerm\"]",
      "instances": [
        {
          "schema_version": 0,
          "attributes": {
            "id": "/subscriptions/5fb199b3-4e86-4b7a-b3d7-829208a47ad4/resourceGroups/chapter9softarch",
            "location": "southeastasia",
            "name": "chapter9softarch",
            "tags": null,
            "timeouts": null
          },
          "sensitive_attributes": [],
          "private": "eyJlMmJmYjczMC1lY2FhLTExZTYtOGY4OC0zNDM2M2JjN2M0YzAiOnsiY3JlYXRlIjo1NDAwMDAwMDAwMDAwLCJkZWxldGUiOjU0MDAwMDAwMDAwMDAsInJlYWQiOjMwMDAwMDAwMDAwMCwidXBkYXRlIjo1NDAwMDAwMDAwMDAwfX0="
        }
      ]
    },
    {
      "mode": "managed",
      "type": "kubernetes_deployment",
      "name": "database",
      "provider": "provider[\"registry.terraform.io/hashicorp/kubernetes\"]",
      "instances": [
        {
          "schema_version": 1,
          "attributes": {
            "id": "default/database",
            "metadata": [
              {
                "annotations": null,
                "generate_name": "",
                "generation": 1,
                "labels": {
                  "pod": "database"
                },
                "name": "database",
                "namespace": "default",
                "resource_version": "1527",
                "uid": "abb7b230-3f95-4cc7-8f9e-4af9aa2db9b0"
              }
            ],
            "spec": [
              {
                "min_ready_seconds": 0,
                "paused": false,
                "progress_deadline_seconds": 600,
                "replicas": "1",
                "revision_history_limit": 10,
                "selector": [
                  {
                    "match_expressions": [],
                    "match_labels": {
                      "pod": "database"
                    }
                  }
                ],
                "strategy": [
                  {
                    "rolling_update": [
                      {
                        "max_surge": "25%",
                        "max_unavailable": "25%"
                      }
                    ],
                    "type": "RollingUpdate"
                  }
                ],
                "template": [
                  {
                    "metadata": [
                      {
                        "annotations": null,
                        "generate_name": "",
                        "generation": 0,
                        "labels": {
                          "pod": "database"
                        },
                        "name": "",
                        "namespace": "",
                        "resource_version": "",
                        "uid": ""
                      }
                    ],
                    "spec": [
                      {
                        "active_deadline_seconds": 0,
                        "affinity": [],
                        "automount_service_account_token": true,
                        "container": [
                          {
                            "args": null,
                            "command": null,
                            "env": [],
                            "env_from": [],
                            "image": "mongo:3.4",
                            "image_pull_policy": "IfNotPresent",
                            "lifecycle": [],
                            "liveness_probe": [],
                            "name": "database",
                            "port": [
                              {
                                "container_port": 27017,
                                "host_ip": "",
                                "host_port": 0,
                                "name": "",
                                "protocol": "TCP"
                              }
                            ],
                            "readiness_probe": [],
                            "resources": [
                              {
                                "limits": {},
                                "requests": {}
                              }
                            ],
                            "security_context": [],
                            "startup_probe": [],
                            "stdin": false,
                            "stdin_once": false,
                            "termination_message_path": "/dev/termination-log",
                            "termination_message_policy": "File",
                            "tty": false,
                            "volume_mount": [],
                            "working_dir": ""
                          }
                        ],
                        "dns_config": [],
                        "dns_policy": "ClusterFirst",
                        "enable_service_links": true,
                        "host_aliases": [],
                        "host_ipc": false,
                        "host_network": false,
                        "host_pid": false,
                        "hostname": "",
                        "image_pull_secrets": [],
                        "init_container": [],
                        "node_name": "",
                        "node_selector": null,
                        "priority_class_name": "",
                        "readiness_gate": [],
                        "restart_policy": "Always",
                        "runtime_class_name": "",
                        "security_context": [],
                        "service_account_name": "",
                        "share_process_namespace": false,
                        "subdomain": "",
                        "termination_grace_period_seconds": 30,
                        "toleration": [],
                        "topology_spread_constraint": [],
                        "volume": []
                      }
                    ]
                  }
                ]
              }
            ],
            "timeouts": null,
            "wait_for_rollout": true
          },
          "sensitive_attributes": [],
          "private": "eyJlMmJmYjczMC1lY2FhLTExZTYtOGY4OC0zNDM2M2JjN2M0YzAiOnsiY3JlYXRlIjo2MDAwMDAwMDAwMDAsImRlbGV0ZSI6NjAwMDAwMDAwMDAwLCJ1cGRhdGUiOjYwMDAwMDAwMDAwMH0sInNjaGVtYV92ZXJzaW9uIjoiMSJ9",
          "dependencies": [
            "azurerm_kubernetes_cluster.cluster",
            "azurerm_resource_group.flixtube",
            "tls_private_key.key"
          ]
        }
      ]
    },
    {
      "mode": "managed",
      "type": "kubernetes_deployment",
      "name": "rabbit",
      "provider": "provider[\"registry.terraform.io/hashicorp/kubernetes\"]",
      "instances": [
        {
          "schema_version": 1,
          "attributes": {
            "id": "default/rabbit",
            "metadata": [
              {
                "annotations": null,
                "generate_name": "",
                "generation": 1,
                "labels": {
                  "pod": "rabbit"
                },
                "name": "rabbit",
                "namespace": "default",
                "resource_version": "1569",
                "uid": "34c86b7d-37a9-498b-8499-75a0285d2cc0"
              }
            ],
            "spec": [
              {
                "min_ready_seconds": 0,
                "paused": false,
                "progress_deadline_seconds": 600,
                "replicas": "1",
                "revision_history_limit": 10,
                "selector": [
                  {
                    "match_expressions": [],
                    "match_labels": {
                      "pod": "rabbit"
                    }
                  }
                ],
                "strategy": [
                  {
                    "rolling_update": [
                      {
                        "max_surge": "25%",
                        "max_unavailable": "25%"
                      }
                    ],
                    "type": "RollingUpdate"
                  }
                ],
                "template": [
                  {
                    "metadata": [
                      {
                        "annotations": null,
                        "generate_name": "",
                        "generation": 0,
                        "labels": {
                          "pod": "rabbit"
                        },
                        "name": "",
                        "namespace": "",
                        "resource_version": "",
                        "uid": ""
                      }
                    ],
                    "spec": [
                      {
                        "active_deadline_seconds": 0,
                        "affinity": [],
                        "automount_service_account_token": true,
                        "container": [
                          {
                            "args": null,
                            "command": null,
                            "env": [],
                            "env_from": [],
                            "image": "rabbitmq:3.8.1-management",
                            "image_pull_policy": "IfNotPresent",
                            "lifecycle": [],
                            "liveness_probe": [],
                            "name": "rabbit",
                            "port": [
                              {
                                "container_port": 5672,
                                "host_ip": "",
                                "host_port": 0,
                                "name": "",
                                "protocol": "TCP"
                              }
                            ],
                            "readiness_probe": [],
                            "resources": [
                              {
                                "limits": {},
                                "requests": {}
                              }
                            ],
                            "security_context": [],
                            "startup_probe": [],
                            "stdin": false,
                            "stdin_once": false,
                            "termination_message_path": "/dev/termination-log",
                            "termination_message_policy": "File",
                            "tty": false,
                            "volume_mount": [],
                            "working_dir": ""
                          }
                        ],
                        "dns_config": [],
                        "dns_policy": "ClusterFirst",
                        "enable_service_links": true,
                        "host_aliases": [],
                        "host_ipc": false,
                        "host_network": false,
                        "host_pid": false,
                        "hostname": "",
                        "image_pull_secrets": [],
                        "init_container": [],
                        "node_name": "",
                        "node_selector": null,
                        "priority_class_name": "",
                        "readiness_gate": [],
                        "restart_policy": "Always",
                        "runtime_class_name": "",
                        "security_context": [],
                        "service_account_name": "",
                        "share_process_namespace": false,
                        "subdomain": "",
                        "termination_grace_period_seconds": 30,
                        "toleration": [],
                        "topology_spread_constraint": [],
                        "volume": []
                      }
                    ]
                  }
                ]
              }
            ],
            "timeouts": null,
            "wait_for_rollout": true
          },
          "sensitive_attributes": [],
          "private": "eyJlMmJmYjczMC1lY2FhLTExZTYtOGY4OC0zNDM2M2JjN2M0YzAiOnsiY3JlYXRlIjo2MDAwMDAwMDAwMDAsImRlbGV0ZSI6NjAwMDAwMDAwMDAwLCJ1cGRhdGUiOjYwMDAwMDAwMDAwMH0sInNjaGVtYV92ZXJzaW9uIjoiMSJ9",
          "dependencies": [
            "azurerm_kubernetes_cluster.cluster",
            "azurerm_resource_group.flixtube",
            "tls_private_key.key"
          ]
        }
      ]
    },
    {
      "mode": "managed",
      "type": "kubernetes_service",
      "name": "database",
      "provider": "provider[\"registry.terraform.io/hashicorp/kubernetes\"]",
      "instances": [
        {
          "schema_version": 1,
          "attributes": {
            "id": "default/db",
            "metadata": [
              {
                "annotations": null,
                "generate_name": "",
                "generation": 0,
                "labels": null,
                "name": "db",
                "namespace": "default",
                "resource_version": "1535",
                "uid": "092e5257-8809-4e79-b128-ab1ffbb9d7b9"
              }
            ],
            "spec": [
              {
                "allocate_load_balancer_node_ports": true,
                "cluster_ip": "10.0.212.228",
                "cluster_ips": [
                  "10.0.212.228"
                ],
                "external_ips": null,
                "external_name": "",
                "external_traffic_policy": "",
                "health_check_node_port": 0,
                "internal_traffic_policy": "Cluster",
                "ip_families": [
                  "IPv4"
                ],
                "ip_family_policy": "SingleStack",
                "load_balancer_class": "",
                "load_balancer_ip": "",
                "load_balancer_source_ranges": null,
                "port": [
                  {
                    "app_protocol": "",
                    "name": "",
                    "node_port": 0,
                    "port": 27017,
                    "protocol": "TCP",
                    "target_port": "27017"
                  }
                ],
                "publish_not_ready_addresses": false,
                "selector": {
                  "pod": "database"
                },
                "session_affinity": "None",
                "session_affinity_config": [],
                "type": "ClusterIP"
              }
            ],
            "status": [
              {
                "load_balancer": [
                  {
                    "ingress": []
                  }
                ]
              }
            ],
            "timeouts": null,
            "wait_for_load_balancer": true
          },
          "sensitive_attributes": [],
          "private": "eyJlMmJmYjczMC1lY2FhLTExZTYtOGY4OC0zNDM2M2JjN2M0YzAiOnsiY3JlYXRlIjo2MDAwMDAwMDAwMDB9LCJzY2hlbWFfdmVyc2lvbiI6IjEifQ==",
          "dependencies": [
            "azurerm_kubernetes_cluster.cluster",
            "azurerm_resource_group.flixtube",
            "kubernetes_deployment.database",
            "tls_private_key.key"
          ]
        }
      ]
    },
    {
      "mode": "managed",
      "type": "kubernetes_service",
      "name": "rabbit",
      "provider": "provider[\"registry.terraform.io/hashicorp/kubernetes\"]",
      "instances": [
        {
          "schema_version": 1,
          "attributes": {
            "id": "default/rabbit",
            "metadata": [
              {
                "annotations": null,
                "generate_name": "",
                "generation": 0,
                "labels": null,
                "name": "rabbit",
                "namespace": "default",
                "resource_version": "1583",
                "uid": "d4db6ef8-2ad6-4d3e-a0d2-1e5298ae81ce"
              }
            ],
            "spec": [
              {
                "allocate_load_balancer_node_ports": true,
                "cluster_ip": "10.0.244.187",
                "cluster_ips": [
                  "10.0.244.187"
                ],
                "external_ips": null,
                "external_name": "",
                "external_traffic_policy": "",
                "health_check_node_port": 0,
                "internal_traffic_policy": "Cluster",
                "ip_families": [
                  "IPv4"
                ],
                "ip_family_policy": "SingleStack",
                "load_balancer_class": "",
                "load_balancer_ip": "",
                "load_balancer_source_ranges": null,
                "port": [
                  {
                    "app_protocol": "",
                    "name": "",
                    "node_port": 0,
                    "port": 5672,
                    "protocol": "TCP",
                    "target_port": "5672"
                  }
                ],
                "publish_not_ready_addresses": false,
                "selector": {
                  "pod": "rabbit"
                },
                "session_affinity": "None",
                "session_affinity_config": [],
                "type": "ClusterIP"
              }
            ],
            "status": [
              {
                "load_balancer": [
                  {
                    "ingress": []
                  }
                ]
              }
            ],
            "timeouts": null,
            "wait_for_load_balancer": true
          },
          "sensitive_attributes": [],
          "private": "eyJlMmJmYjczMC1lY2FhLTExZTYtOGY4OC0zNDM2M2JjN2M0YzAiOnsiY3JlYXRlIjo2MDAwMDAwMDAwMDB9LCJzY2hlbWFfdmVyc2lvbiI6IjEifQ==",
          "dependencies": [
            "azurerm_kubernetes_cluster.cluster",
            "azurerm_resource_group.flixtube",
            "kubernetes_deployment.rabbit",
            "tls_private_key.key"
          ]
        }
      ]
    },
    {
      "mode": "managed",
      "type": "tls_private_key",
      "name": "key",
      "provider": "provider[\"registry.terraform.io/hashicorp/tls\"]",
      "instances": [
        {
          "schema_version": 1,
          "attributes": {
            "algorithm": "RSA",
            "ecdsa_curve": "P224",
            "id": "e29e54b39180ce010bd3e7357ce95a7364e5ed9a",
            "private_key_openssh": "-----BEGIN OPENSSH PRIVATE KEY-----\nb3BlbnNzaC1rZXktdjEAAAAABG5vbmUAAAAEbm9uZQAAAAAAAAABAAABFwAAAAdz\nc2gtcnNhAAAAAwEAAQAAAQEAw/7KobP4W1jbDacjagI99AiTOeylvcR5uD89GeFe\n9GAfps4IYXAb9CB5Z61TBfgh9Rdt/HavNDoDi54WsSmen8V+5InkzA7SRf55xexd\nGK8bcXL/i7bisky/yEKekQ9a0Jie5vlMeuUuAty0ffAOxmGwpYY4V13vT/9zJ2kn\nEpunFVyFmPjN4KYReY+VmIxpRgZwqgtjcOWVCZr5dQ2UuFYcJiW1kH/vvHxNSlrR\n03wozlQNe3u+RxbMft5VeYbuRwI+Y3yG/U3z0RY/rfNhaPy/yopvIk9mnLqpxYYm\nWkRVtov1tgIf9VDrTK3dQqETUhnCbEz8tV92HmRqoFgTnwAAA7iMHB3DjBwdwwAA\nAAdzc2gtcnNhAAABAQDD/sqhs/hbWNsNpyNqAj30CJM57KW9xHm4Pz0Z4V70YB+m\nzghhcBv0IHlnrVMF+CH1F238dq80OgOLnhaxKZ6fxX7kieTMDtJF/nnF7F0Yrxtx\ncv+LtuKyTL/IQp6RD1rQmJ7m+Ux65S4C3LR98A7GYbClhjhXXe9P/3MnaScSm6cV\nXIWY+M3gphF5j5WYjGlGBnCqC2Nw5ZUJmvl1DZS4VhwmJbWQf++8fE1KWtHTfCjO\nVA17e75HFsx+3lV5hu5HAj5jfIb9TfPRFj+t82Fo/L/Kim8iT2acuqnFhiZaRFW2\ni/W2Ah/1UOtMrd1CoRNSGcJsTPy1X3YeZGqgWBOfAAAAAwEAAQAAAQB/a7NzA10Q\njikDrEjCz6hVcgm9W9O5FvYHSd3AaJviBmgter9KEaeqxD4JoE5ckCALhmrz+nkX\nXCwX5fRcw3Ej8DL6A4gi/fPIm5OxkGRJ+vW9gQUQYRrqzijU2jLanf/to3uTMDp/\nn2WVaMVTJvGEGdjNFACnFCPUf3/u/FbxqeorvLzlHXclPkTA+71Ho3jkYGVoXrYC\nIfPDQUZzd0B+Tm5tGeWlykYCdeaQdXlLC6R7JYJyUVkGoYgvJHn/9FbvCwZhWlC8\nsVV0QHOS+ht8Dhn8Riawn1BO0PeVPQ6jM9XiklFO2mMPO16GpNSf2dXmvzsYg+qY\ns48lhJ/51Ua5AAAAgAYIWGoZuWQ7UXMtPFsn3m2l92MIUw27VaM3p8iDH3E5szHk\nqDCH/hDJCw4Bpwyze6fZuG5u86UlseRqHiO1lNPzoT0xSGYQ2+WZaj2yUgdzA3YD\n1f2fq5BPiAAIufRMpw2pqlY9PNl+OGiNVCK2NCG5lJ4kHtNFObrffVmkNJBpAAAA\ngQDQjirLdgb1VRrt64ke0eLZHEMtU5/M5upprAYZbKROuok/MK3Au0GvfUOkdH1R\nv1dsLtzOOIbmxWWLDlqM4dB0KR6lBs3qeU7hFQiUT8sDl46se+ruw/15kLSpWc83\n6rlfRbrPB51Hx9QpHn87hWUsCAskF0AF5SaqsS1zaQrvRQAAAIEA8JUm/ga9NfEC\ny9Yr0pgaz/SLao5Kq/dEqKbJphC6iAIlD+OOOyUq22dNzYzz+q7ar6PYktuEWbb+\n347/WHL/2jBVyUVRNdHoKxO9lyiyY4NY5sz1/huN/IMGMpDOfbduNkDkjASWFv9x\nP3ScSh7eJlyrm2I1fwIUIdzvsnJ1Y5MAAAAAAQID\n-----END OPENSSH PRIVATE KEY-----\n",
            "private_key_pem": "-----BEGIN RSA PRIVATE KEY-----\nMIIEowIBAAKCAQEAw/7KobP4W1jbDacjagI99AiTOeylvcR5uD89GeFe9GAfps4I\nYXAb9CB5Z61TBfgh9Rdt/HavNDoDi54WsSmen8V+5InkzA7SRf55xexdGK8bcXL/\ni7bisky/yEKekQ9a0Jie5vlMeuUuAty0ffAOxmGwpYY4V13vT/9zJ2knEpunFVyF\nmPjN4KYReY+VmIxpRgZwqgtjcOWVCZr5dQ2UuFYcJiW1kH/vvHxNSlrR03wozlQN\ne3u+RxbMft5VeYbuRwI+Y3yG/U3z0RY/rfNhaPy/yopvIk9mnLqpxYYmWkRVtov1\ntgIf9VDrTK3dQqETUhnCbEz8tV92HmRqoFgTnwIDAQABAoIBAH9rs3MDXRCOKQOs\nSMLPqFVyCb1b07kW9gdJ3cBom+IGaC16v0oRp6rEPgmgTlyQIAuGavP6eRdcLBfl\n9FzDcSPwMvoDiCL988ibk7GQZEn69b2BBRBhGurOKNTaMtqd/+2je5MwOn+fZZVo\nxVMm8YQZ2M0UAKcUI9R/f+78VvGp6iu8vOUddyU+RMD7vUejeORgZWhetgIh88NB\nRnN3QH5Obm0Z5aXKRgJ15pB1eUsLpHslgnJRWQahiC8kef/0Vu8LBmFaULyxVXRA\nc5L6G3wOGfxGJrCfUE7Q95U9DqMz1eKSUU7aYw87Xoak1J/Z1ea/OxiD6pizjyWE\nn/nVRrkCgYEA0I4qy3YG9VUa7euJHtHi2RxDLVOfzObqaawGGWykTrqJPzCtwLtB\nr31DpHR9Ub9XbC7czjiG5sVliw5ajOHQdCkepQbN6nlO4RUIlE/LA5eOrHvq7sP9\neZC0qVnPN+q5X0W6zwedR8fUKR5/O4VlLAgLJBdABeUmqrEtc2kK70UCgYEA8JUm\n/ga9NfECy9Yr0pgaz/SLao5Kq/dEqKbJphC6iAIlD+OOOyUq22dNzYzz+q7ar6PY\nktuEWbb+347/WHL/2jBVyUVRNdHoKxO9lyiyY4NY5sz1/huN/IMGMpDOfbduNkDk\njASWFv9xP3ScSh7eJlyrm2I1fwIUIdzvsnJ1Y5MCgYEAvvUdXBRixKm7MZPThoO5\nSP/mxo7mJ7BbfIxFPWxLeca0ukYxIeKTf0Kb9+2tfXdMbcLu7Ge3pX+ivVNUN+Df\nhCzOYV48lu+h+NfQdjQld9GCko4YC60q3u9PbCzOXq2uM/zd0ohvS3U93rSM3QwE\nGe/3e4FKXtt1rx7xtdW9bF0CgYAX6ZtQkHbqD6SJgiYk7n1rwhDBbJc7dH5cjQdp\n/CuuLRhl9eZDNrSFzkTLc4Ekn5CY+J4kKrGDAU9gBSSYNAX+N+Ou97bUtKJw9atY\nhPEGNx31AtZIhZCdUqChEgeUM1E/D0AoMqSAcK9e8UY/j8Xg5kEgVqiekSRTIVSp\n1fqZBQKBgAYIWGoZuWQ7UXMtPFsn3m2l92MIUw27VaM3p8iDH3E5szHkqDCH/hDJ\nCw4Bpwyze6fZuG5u86UlseRqHiO1lNPzoT0xSGYQ2+WZaj2yUgdzA3YD1f2fq5BP\niAAIufRMpw2pqlY9PNl+OGiNVCK2NCG5lJ4kHtNFObrffVmkNJBp\n-----END RSA PRIVATE KEY-----\n",
            "private_key_pem_pkcs8": "-----BEGIN PRIVATE KEY-----\nMIIEvQIBADANBgkqhkiG9w0BAQEFAASCBKcwggSjAgEAAoIBAQDD/sqhs/hbWNsN\npyNqAj30CJM57KW9xHm4Pz0Z4V70YB+mzghhcBv0IHlnrVMF+CH1F238dq80OgOL\nnhaxKZ6fxX7kieTMDtJF/nnF7F0Yrxtxcv+LtuKyTL/IQp6RD1rQmJ7m+Ux65S4C\n3LR98A7GYbClhjhXXe9P/3MnaScSm6cVXIWY+M3gphF5j5WYjGlGBnCqC2Nw5ZUJ\nmvl1DZS4VhwmJbWQf++8fE1KWtHTfCjOVA17e75HFsx+3lV5hu5HAj5jfIb9TfPR\nFj+t82Fo/L/Kim8iT2acuqnFhiZaRFW2i/W2Ah/1UOtMrd1CoRNSGcJsTPy1X3Ye\nZGqgWBOfAgMBAAECggEAf2uzcwNdEI4pA6xIws+oVXIJvVvTuRb2B0ndwGib4gZo\nLXq/ShGnqsQ+CaBOXJAgC4Zq8/p5F1wsF+X0XMNxI/Ay+gOIIv3zyJuTsZBkSfr1\nvYEFEGEa6s4o1Noy2p3/7aN7kzA6f59llWjFUybxhBnYzRQApxQj1H9/7vxW8anq\nK7y85R13JT5EwPu9R6N45GBlaF62AiHzw0FGc3dAfk5ubRnlpcpGAnXmkHV5Swuk\neyWCclFZBqGILyR5//RW7wsGYVpQvLFVdEBzkvobfA4Z/EYmsJ9QTtD3lT0OozPV\n4pJRTtpjDztehqTUn9nV5r87GIPqmLOPJYSf+dVGuQKBgQDQjirLdgb1VRrt64ke\n0eLZHEMtU5/M5upprAYZbKROuok/MK3Au0GvfUOkdH1Rv1dsLtzOOIbmxWWLDlqM\n4dB0KR6lBs3qeU7hFQiUT8sDl46se+ruw/15kLSpWc836rlfRbrPB51Hx9QpHn87\nhWUsCAskF0AF5SaqsS1zaQrvRQKBgQDwlSb+Br018QLL1ivSmBrP9Itqjkqr90So\npsmmELqIAiUP4447JSrbZ03NjPP6rtqvo9iS24RZtv7fjv9Ycv/aMFXJRVE10egr\nE72XKLJjg1jmzPX+G438gwYykM59t242QOSMBJYW/3E/dJxKHt4mXKubYjV/AhQh\n3O+ycnVjkwKBgQC+9R1cFGLEqbsxk9OGg7lI/+bGjuYnsFt8jEU9bEt5xrS6RjEh\n4pN/Qpv37a19d0xtwu7sZ7elf6K9U1Q34N+ELM5hXjyW76H419B2NCV30YKSjhgL\nrSre709sLM5era4z/N3SiG9LdT3etIzdDAQZ7/d7gUpe23WvHvG11b1sXQKBgBfp\nm1CQduoPpImCJiTufWvCEMFslzt0flyNB2n8K64tGGX15kM2tIXORMtzgSSfkJj4\nniQqsYMBT2AFJJg0Bf434673ttS0onD1q1iE8QY3HfUC1kiFkJ1SoKESB5QzUT8P\nQCgypIBwr17xRj+PxeDmQSBWqJ6RJFMhVKnV+pkFAoGABghYahm5ZDtRcy08Wyfe\nbaX3YwhTDbtVozenyIMfcTmzMeSoMIf+EMkLDgGnDLN7p9m4bm7zpSWx5GoeI7WU\n0/OhPTFIZhDb5ZlqPbJSB3MDdgPV/Z+rkE+IAAi59EynDamqVj082X44aI1UIrY0\nIbmUniQe00U5ut99WaQ0kGk=\n-----END PRIVATE KEY-----\n",
            "public_key_fingerprint_md5": "85:40:9e:25:81:44:00:dd:34:11:61:c7:c3:99:04:d5",
            "public_key_fingerprint_sha256": "SHA256:flEYlH0+ipoZsWzn+4ZHCvbUSdawguyRXVTMNa6AmCc",
            "public_key_openssh": "ssh-rsa AAAAB3NzaC1yc2EAAAADAQABAAABAQDD/sqhs/hbWNsNpyNqAj30CJM57KW9xHm4Pz0Z4V70YB+mzghhcBv0IHlnrVMF+CH1F238dq80OgOLnhaxKZ6fxX7kieTMDtJF/nnF7F0Yrxtxcv+LtuKyTL/IQp6RD1rQmJ7m+Ux65S4C3LR98A7GYbClhjhXXe9P/3MnaScSm6cVXIWY+M3gphF5j5WYjGlGBnCqC2Nw5ZUJmvl1DZS4VhwmJbWQf++8fE1KWtHTfCjOVA17e75HFsx+3lV5hu5HAj5jfIb9TfPRFj+t82Fo/L/Kim8iT2acuqnFhiZaRFW2i/W2Ah/1UOtMrd1CoRNSGcJsTPy1X3YeZGqgWBOf\n",
            "public_key_pem": "-----BEGIN PUBLIC KEY-----\nMIIBIjANBgkqhkiG9w0BAQEFAAOCAQ8AMIIBCgKCAQEAw/7KobP4W1jbDacjagI9\n9AiTOeylvcR5uD89GeFe9GAfps4IYXAb9CB5Z61TBfgh9Rdt/HavNDoDi54WsSme\nn8V+5InkzA7SRf55xexdGK8bcXL/i7bisky/yEKekQ9a0Jie5vlMeuUuAty0ffAO\nxmGwpYY4V13vT/9zJ2knEpunFVyFmPjN4KYReY+VmIxpRgZwqgtjcOWVCZr5dQ2U\nuFYcJiW1kH/vvHxNSlrR03wozlQNe3u+RxbMft5VeYbuRwI+Y3yG/U3z0RY/rfNh\naPy/yopvIk9mnLqpxYYmWkRVtov1tgIf9VDrTK3dQqETUhnCbEz8tV92HmRqoFgT\nnwIDAQAB\n-----END PUBLIC KEY-----\n",
            "rsa_bits": 2048
          },
          "sensitive_attributes": []
        }
      ]
    },
    {
      "module": "module.azure-storage-microservice",
      "mode": "managed",
      "type": "kubernetes_deployment",
      "name": "service_deployment",
      "provider": "provider[\"registry.terraform.io/hashicorp/kubernetes\"]",
      "instances": [
        {
          "schema_version": 1,
          "attributes": {
            "id": "default/azure-storage",
            "metadata": [
              {
                "annotations": null,
                "generate_name": "",
                "generation": 1,
                "labels": {
                  "pod": "azure-storage"
                },
                "name": "azure-storage",
                "namespace": "default",
                "resource_version": "1695",
                "uid": "4c8cfec7-daa4-4f21-8c5c-644dc9630d95"
              }
            ],
            "spec": [
              {
                "min_ready_seconds": 0,
                "paused": false,
                "progress_deadline_seconds": 600,
                "replicas": "1",
                "revision_history_limit": 10,
                "selector": [
                  {
                    "match_expressions": [],
                    "match_labels": {
                      "pod": "azure-storage"
                    }
                  }
                ],
                "strategy": [
                  {
                    "rolling_update": [
                      {
                        "max_surge": "25%",
                        "max_unavailable": "25%"
                      }
                    ],
                    "type": "RollingUpdate"
                  }
                ],
                "template": [
                  {
                    "metadata": [
                      {
                        "annotations": null,
                        "generate_name": "",
                        "generation": 0,
                        "labels": {
                          "pod": "azure-storage"
                        },
                        "name": "",
                        "namespace": "",
                        "resource_version": "",
                        "uid": ""
                      }
                    ],
                    "spec": [
                      {
                        "active_deadline_seconds": 0,
                        "affinity": [],
                        "automount_service_account_token": true,
                        "container": [
                          {
                            "args": null,
                            "command": null,
                            "env": [
                              {
                                "name": "PORT",
                                "value": "80",
                                "value_from": []
                              },
                              {
                                "name": "STORAGE_ACCESS_KEY",
                                "value": "BLDi59mwUOGmXtzbbDMdUO7vVIQojuXyYZgt12ZU4CqcZZlPV3Ft+2y3VqvhTks8TyAS8CIQC3JB+ASt6IRuyg==",
                                "value_from": []
                              },
                              {
                                "name": "STORAGE_ACCOUNT_NAME",
                                "value": "01219224video",
                                "value_from": []
                              }
                            ],
                            "env_from": [],
                            "image": "chapter9softarch.azurecr.io/azure-storage:10",
                            "image_pull_policy": "IfNotPresent",
                            "lifecycle": [],
                            "liveness_probe": [],
                            "name": "azure-storage",
                            "port": [],
                            "readiness_probe": [],
                            "resources": [
                              {
                                "limits": {},
                                "requests": {}
                              }
                            ],
                            "security_context": [],
                            "startup_probe": [],
                            "stdin": false,
                            "stdin_once": false,
                            "termination_message_path": "/dev/termination-log",
                            "termination_message_policy": "File",
                            "tty": false,
                            "volume_mount": [],
                            "working_dir": ""
                          }
                        ],
                        "dns_config": [],
                        "dns_policy": "ClusterFirst",
                        "enable_service_links": true,
                        "host_aliases": [],
                        "host_ipc": false,
                        "host_network": false,
                        "host_pid": false,
                        "hostname": "",
                        "image_pull_secrets": [
                          {
                            "name": "azure-storage-docker-credentials"
                          }
                        ],
                        "init_container": [],
                        "node_name": "",
                        "node_selector": null,
                        "priority_class_name": "",
                        "readiness_gate": [],
                        "restart_policy": "Always",
                        "runtime_class_name": "",
                        "security_context": [],
                        "service_account_name": "",
                        "share_process_namespace": false,
                        "subdomain": "",
                        "termination_grace_period_seconds": 30,
                        "toleration": [],
                        "topology_spread_constraint": [],
                        "volume": []
                      }
                    ]
                  }
                ]
              }
            ],
            "timeouts": null,
            "wait_for_rollout": true
          },
          "sensitive_attributes": [],
          "private": "eyJlMmJmYjczMC1lY2FhLTExZTYtOGY4OC0zNDM2M2JjN2M0YzAiOnsiY3JlYXRlIjo2MDAwMDAwMDAwMDAsImRlbGV0ZSI6NjAwMDAwMDAwMDAwLCJ1cGRhdGUiOjYwMDAwMDAwMDAwMH0sInNjaGVtYV92ZXJzaW9uIjoiMSJ9",
          "dependencies": [
            "azurerm_container_registry.container_registry",
            "azurerm_kubernetes_cluster.cluster",
            "azurerm_resource_group.flixtube",
            "module.azure-storage-microservice.kubernetes_secret.docker_credentials",
            "module.azure-storage-microservice.null_resource.docker_build",
            "module.azure-storage-microservice.null_resource.docker_login",
            "module.azure-storage-microservice.null_resource.docker_push",
            "tls_private_key.key"
          ]
        }
      ]
    },
    {
      "module": "module.azure-storage-microservice",
      "mode": "managed",
      "type": "kubernetes_secret",
      "name": "docker_credentials",
      "provider": "provider[\"registry.terraform.io/hashicorp/kubernetes\"]",
      "instances": [
        {
          "schema_version": 0,
          "attributes": {
            "binary_data": null,
            "data": {
              ".dockerconfigjson": "{\"auths\":{\"chapter9softarch.azurecr.io\":{\"auth\":\"Y2hhcHRlcjlzb2Z0YXJjaDpCVTlndllYVWdCcldXbEhuTThxcHFLNVNMdmx5djRLcDdjNVRRMFlmN2grQUNSQWZ5ZUwz\"}}}"
            },
            "id": "default/azure-storage-docker-credentials",
            "immutable": false,
            "metadata": [
              {
                "annotations": null,
                "generate_name": "",
                "generation": 0,
                "labels": null,
                "name": "azure-storage-docker-credentials",
                "namespace": "default",
                "resource_version": "1353",
                "uid": "83fa6672-9f56-4966-aa77-24da1c7749f5"
              }
            ],
            "timeouts": null,
            "type": "kubernetes.io/dockerconfigjson",
            "wait_for_service_account_token": true
          },
          "sensitive_attributes": [
            [
              {
                "type": "get_attr",
                "value": "data"
              },
              {
                "type": "index",
                "value": {
                  "value": ".dockerconfigjson",
                  "type": "string"
                }
              }
            ]
          ],
          "private": "eyJlMmJmYjczMC1lY2FhLTExZTYtOGY4OC0zNDM2M2JjN2M0YzAiOnsiY3JlYXRlIjo2MDAwMDAwMDAwMH19",
          "dependencies": [
            "azurerm_container_registry.container_registry",
            "azurerm_kubernetes_cluster.cluster",
            "azurerm_resource_group.flixtube",
            "tls_private_key.key"
          ]
        }
      ]
    },
    {
      "module": "module.azure-storage-microservice",
      "mode": "managed",
      "type": "kubernetes_service",
      "name": "service",
      "provider": "provider[\"registry.terraform.io/hashicorp/kubernetes\"]",
      "instances": [
        {
          "schema_version": 1,
          "attributes": {
            "id": "default/video-storage",
            "metadata": [
              {
                "annotations": null,
                "generate_name": "",
                "generation": 0,
                "labels": null,
                "name": "video-storage",
                "namespace": "default",
                "resource_version": "1723",
                "uid": "aebececa-2c15-4b86-ae1b-32c0befc5349"
              }
            ],
            "spec": [
              {
                "allocate_load_balancer_node_ports": true,
                "cluster_ip": "10.0.124.124",
                "cluster_ips": [
                  "10.0.124.124"
                ],
                "external_ips": null,
                "external_name": "",
                "external_traffic_policy": "",
                "health_check_node_port": 0,
                "internal_traffic_policy": "Cluster",
                "ip_families": [
                  "IPv4"
                ],
                "ip_family_policy": "SingleStack",
                "load_balancer_class": "",
                "load_balancer_ip": "",
                "load_balancer_source_ranges": null,
                "port": [
                  {
                    "app_protocol": "",
                    "name": "",
                    "node_port": 0,
                    "port": 80,
                    "protocol": "TCP",
                    "target_port": "80"
                  }
                ],
                "publish_not_ready_addresses": false,
                "selector": {
                  "pod": "azure-storage"
                },
                "session_affinity": "ClientIP",
                "session_affinity_config": [
                  {
                    "client_ip": [
                      {
                        "timeout_seconds": 10800
                      }
                    ]
                  }
                ],
                "type": "ClusterIP"
              }
            ],
            "status": [
              {
                "load_balancer": [
                  {
                    "ingress": []
                  }
                ]
              }
            ],
            "timeouts": null,
            "wait_for_load_balancer": true
          },
          "sensitive_attributes": [],
          "private": "eyJlMmJmYjczMC1lY2FhLTExZTYtOGY4OC0zNDM2M2JjN2M0YzAiOnsiY3JlYXRlIjo2MDAwMDAwMDAwMDB9LCJzY2hlbWFfdmVyc2lvbiI6IjEifQ==",
          "dependencies": [
            "azurerm_container_registry.container_registry",
            "azurerm_kubernetes_cluster.cluster",
            "azurerm_resource_group.flixtube",
            "module.azure-storage-microservice.kubernetes_deployment.service_deployment",
            "module.azure-storage-microservice.kubernetes_secret.docker_credentials",
            "module.azure-storage-microservice.null_resource.docker_build",
            "module.azure-storage-microservice.null_resource.docker_login",
            "module.azure-storage-microservice.null_resource.docker_push",
            "tls_private_key.key"
          ]
        }
      ]
    },
    {
      "module": "module.azure-storage-microservice",
      "mode": "managed",
      "type": "null_resource",
      "name": "docker_build",
      "provider": "provider[\"registry.terraform.io/hashicorp/null\"]",
      "instances": [
        {
          "schema_version": 0,
          "attributes": {
            "id": "2223916951291079074",
            "triggers": {
              "always_run": "2023-02-16T03:22:40Z"
            }
          },
          "sensitive_attributes": [],
          "dependencies": [
            "azurerm_container_registry.container_registry",
            "azurerm_resource_group.flixtube"
          ]
        }
      ]
    },
    {
      "module": "module.azure-storage-microservice",
      "mode": "managed",
      "type": "null_resource",
      "name": "docker_login",
      "provider": "provider[\"registry.terraform.io/hashicorp/null\"]",
      "instances": [
        {
          "schema_version": 0,
          "attributes": {
            "id": "3928388518266189113",
            "triggers": {
              "always_run": "2023-02-16T03:22:58Z"
            }
          },
          "sensitive_attributes": [],
          "dependencies": [
            "azurerm_container_registry.container_registry",
            "azurerm_resource_group.flixtube",
            "module.azure-storage-microservice.null_resource.docker_build"
          ]
        }
      ]
    },
    {
      "module": "module.azure-storage-microservice",
      "mode": "managed",
      "type": "null_resource",
      "name": "docker_push",
      "provider": "provider[\"registry.terraform.io/hashicorp/null\"]",
      "instances": [
        {
          "schema_version": 0,
          "attributes": {
            "id": "2868942913892817724",
            "triggers": {
              "always_run": "2023-02-16T03:23:00Z"
            }
          },
          "sensitive_attributes": [],
          "dependencies": [
            "azurerm_container_registry.container_registry",
            "azurerm_resource_group.flixtube",
            "module.azure-storage-microservice.null_resource.docker_build",
            "module.azure-storage-microservice.null_resource.docker_login"
          ]
        }
      ]
    },
    {
      "module": "module.gateway-microservice",
      "mode": "managed",
      "type": "kubernetes_deployment",
      "name": "service_deployment",
      "provider": "provider[\"registry.terraform.io/hashicorp/kubernetes\"]",
      "instances": [
        {
          "schema_version": 1,
          "attributes": {
            "id": "default/gateway",
            "metadata": [
              {
                "annotations": null,
                "generate_name": "",
                "generation": 1,
                "labels": {
                  "pod": "gateway"
                },
                "name": "gateway",
                "namespace": "default",
                "resource_version": "1595",
                "uid": "818ba940-327b-4425-9ca8-635484d4d20d"
              }
            ],
            "spec": [
              {
                "min_ready_seconds": 0,
                "paused": false,
                "progress_deadline_seconds": 600,
                "replicas": "1",
                "revision_history_limit": 10,
                "selector": [
                  {
                    "match_expressions": [],
                    "match_labels": {
                      "pod": "gateway"
                    }
                  }
                ],
                "strategy": [
                  {
                    "rolling_update": [
                      {
                        "max_surge": "25%",
                        "max_unavailable": "25%"
                      }
                    ],
                    "type": "RollingUpdate"
                  }
                ],
                "template": [
                  {
                    "metadata": [
                      {
                        "annotations": null,
                        "generate_name": "",
                        "generation": 0,
                        "labels": {
                          "pod": "gateway"
                        },
                        "name": "",
                        "namespace": "",
                        "resource_version": "",
                        "uid": ""
                      }
                    ],
                    "spec": [
                      {
                        "active_deadline_seconds": 0,
                        "affinity": [],
                        "automount_service_account_token": true,
                        "container": [
                          {
                            "args": null,
                            "command": null,
                            "env": [
                              {
                                "name": "PORT",
                                "value": "80",
                                "value_from": []
                              },
                              {
                                "name": "RABBIT",
                                "value": "amqp://guest:guest@rabbit:5672",
                                "value_from": []
                              }
                            ],
                            "env_from": [],
                            "image": "chapter9softarch.azurecr.io/gateway:10",
                            "image_pull_policy": "IfNotPresent",
                            "lifecycle": [],
                            "liveness_probe": [],
                            "name": "gateway",
                            "port": [],
                            "readiness_probe": [],
                            "resources": [
                              {
                                "limits": {},
                                "requests": {}
                              }
                            ],
                            "security_context": [],
                            "startup_probe": [],
                            "stdin": false,
                            "stdin_once": false,
                            "termination_message_path": "/dev/termination-log",
                            "termination_message_policy": "File",
                            "tty": false,
                            "volume_mount": [],
                            "working_dir": ""
                          }
                        ],
                        "dns_config": [],
                        "dns_policy": "ClusterFirst",
                        "enable_service_links": true,
                        "host_aliases": [],
                        "host_ipc": false,
                        "host_network": false,
                        "host_pid": false,
                        "hostname": "",
                        "image_pull_secrets": [
                          {
                            "name": "gateway-docker-credentials"
                          }
                        ],
                        "init_container": [],
                        "node_name": "",
                        "node_selector": null,
                        "priority_class_name": "",
                        "readiness_gate": [],
                        "restart_policy": "Always",
                        "runtime_class_name": "",
                        "security_context": [],
                        "service_account_name": "",
                        "share_process_namespace": false,
                        "subdomain": "",
                        "termination_grace_period_seconds": 30,
                        "toleration": [],
                        "topology_spread_constraint": [],
                        "volume": []
                      }
                    ]
                  }
                ]
              }
            ],
            "timeouts": null,
            "wait_for_rollout": true
          },
          "sensitive_attributes": [],
          "private": "eyJlMmJmYjczMC1lY2FhLTExZTYtOGY4OC0zNDM2M2JjN2M0YzAiOnsiY3JlYXRlIjo2MDAwMDAwMDAwMDAsImRlbGV0ZSI6NjAwMDAwMDAwMDAwLCJ1cGRhdGUiOjYwMDAwMDAwMDAwMH0sInNjaGVtYV92ZXJzaW9uIjoiMSJ9",
          "dependencies": [
            "azurerm_container_registry.container_registry",
            "azurerm_kubernetes_cluster.cluster",
            "azurerm_resource_group.flixtube",
            "module.gateway-microservice.kubernetes_secret.docker_credentials",
            "module.gateway-microservice.null_resource.docker_build",
            "module.gateway-microservice.null_resource.docker_login",
            "module.gateway-microservice.null_resource.docker_push",
            "tls_private_key.key"
          ]
        }
      ]
    },
    {
      "module": "module.gateway-microservice",
      "mode": "managed",
      "type": "kubernetes_secret",
      "name": "docker_credentials",
      "provider": "provider[\"registry.terraform.io/hashicorp/kubernetes\"]",
      "instances": [
        {
          "schema_version": 0,
          "attributes": {
            "binary_data": null,
            "data": {
              ".dockerconfigjson": "{\"auths\":{\"chapter9softarch.azurecr.io\":{\"auth\":\"Y2hhcHRlcjlzb2Z0YXJjaDpCVTlndllYVWdCcldXbEhuTThxcHFLNVNMdmx5djRLcDdjNVRRMFlmN2grQUNSQWZ5ZUwz\"}}}"
            },
            "id": "default/gateway-docker-credentials",
            "immutable": false,
            "metadata": [
              {
                "annotations": null,
                "generate_name": "",
                "generation": 0,
                "labels": null,
                "name": "gateway-docker-credentials",
                "namespace": "default",
                "resource_version": "1349",
                "uid": "8fe3047e-6bf1-431f-96d3-505796845223"
              }
            ],
            "timeouts": null,
            "type": "kubernetes.io/dockerconfigjson",
            "wait_for_service_account_token": true
          },
          "sensitive_attributes": [
            [
              {
                "type": "get_attr",
                "value": "data"
              },
              {
                "type": "index",
                "value": {
                  "value": ".dockerconfigjson",
                  "type": "string"
                }
              }
            ]
          ],
          "private": "eyJlMmJmYjczMC1lY2FhLTExZTYtOGY4OC0zNDM2M2JjN2M0YzAiOnsiY3JlYXRlIjo2MDAwMDAwMDAwMH19",
          "dependencies": [
            "azurerm_container_registry.container_registry",
            "azurerm_kubernetes_cluster.cluster",
            "azurerm_resource_group.flixtube",
            "tls_private_key.key"
          ]
        }
      ]
    },
    {
      "module": "module.gateway-microservice",
      "mode": "managed",
      "type": "kubernetes_service",
      "name": "service",
      "provider": "provider[\"registry.terraform.io/hashicorp/kubernetes\"]",
      "instances": [
        {
          "schema_version": 1,
          "attributes": {
            "id": "default/gateway",
            "metadata": [
              {
                "annotations": null,
                "generate_name": "",
                "generation": 0,
                "labels": null,
                "name": "gateway",
                "namespace": "default",
                "resource_version": "1727",
                "uid": "7e137a6f-4f45-476f-93bf-41f590e4c892"
              }
            ],
            "spec": [
              {
                "allocate_load_balancer_node_ports": true,
                "cluster_ip": "10.0.71.45",
                "cluster_ips": [
                  "10.0.71.45"
                ],
                "external_ips": null,
                "external_name": "",
                "external_traffic_policy": "Cluster",
                "health_check_node_port": 0,
                "internal_traffic_policy": "Cluster",
                "ip_families": [
                  "IPv4"
                ],
                "ip_family_policy": "SingleStack",
                "load_balancer_class": "",
                "load_balancer_ip": "",
                "load_balancer_source_ranges": null,
                "port": [
                  {
                    "app_protocol": "",
                    "name": "",
                    "node_port": 32050,
                    "port": 80,
                    "protocol": "TCP",
                    "target_port": "80"
                  }
                ],
                "publish_not_ready_addresses": false,
                "selector": {
                  "pod": "gateway"
                },
                "session_affinity": "ClientIP",
                "session_affinity_config": [
                  {
                    "client_ip": [
                      {
                        "timeout_seconds": 10800
                      }
                    ]
                  }
                ],
                "type": "LoadBalancer"
              }
            ],
            "status": [
              {
                "load_balancer": [
                  {
                    "ingress": [
                      {
                        "hostname": "",
                        "ip": "20.198.144.97"
                      }
                    ]
                  }
                ]
              }
            ],
            "timeouts": null,
            "wait_for_load_balancer": true
          },
          "sensitive_attributes": [],
          "private": "eyJlMmJmYjczMC1lY2FhLTExZTYtOGY4OC0zNDM2M2JjN2M0YzAiOnsiY3JlYXRlIjo2MDAwMDAwMDAwMDB9LCJzY2hlbWFfdmVyc2lvbiI6IjEifQ==",
          "dependencies": [
            "azurerm_container_registry.container_registry",
            "azurerm_kubernetes_cluster.cluster",
            "azurerm_resource_group.flixtube",
            "module.gateway-microservice.kubernetes_deployment.service_deployment",
            "module.gateway-microservice.kubernetes_secret.docker_credentials",
            "module.gateway-microservice.null_resource.docker_build",
            "module.gateway-microservice.null_resource.docker_login",
            "module.gateway-microservice.null_resource.docker_push",
            "tls_private_key.key"
          ]
        }
      ]
    },
    {
      "module": "module.gateway-microservice",
      "mode": "managed",
      "type": "null_resource",
      "name": "docker_build",
      "provider": "provider[\"registry.terraform.io/hashicorp/null\"]",
      "instances": [
        {
          "schema_version": 0,
          "attributes": {
            "id": "8292704232346469634",
            "triggers": {
              "always_run": "2023-02-16T03:22:40Z"
            }
          },
          "sensitive_attributes": [],
          "dependencies": [
            "azurerm_container_registry.container_registry",
            "azurerm_resource_group.flixtube"
          ]
        }
      ]
    },
    {
      "module": "module.gateway-microservice",
      "mode": "managed",
      "type": "null_resource",
      "name": "docker_login",
      "provider": "provider[\"registry.terraform.io/hashicorp/null\"]",
      "instances": [
        {
          "schema_version": 0,
          "attributes": {
            "id": "2198052754673748578",
            "triggers": {
              "always_run": "2023-02-16T03:22:57Z"
            }
          },
          "sensitive_attributes": [],
          "dependencies": [
            "azurerm_container_registry.container_registry",
            "azurerm_resource_group.flixtube",
            "module.gateway-microservice.null_resource.docker_build"
          ]
        }
      ]
    },
    {
      "module": "module.gateway-microservice",
      "mode": "managed",
      "type": "null_resource",
      "name": "docker_push",
      "provider": "provider[\"registry.terraform.io/hashicorp/null\"]",
      "instances": [
        {
          "schema_version": 0,
          "attributes": {
            "id": "315489202445956918",
            "triggers": {
              "always_run": "2023-02-16T03:22:59Z"
            }
          },
          "sensitive_attributes": [],
          "dependencies": [
            "azurerm_container_registry.container_registry",
            "azurerm_resource_group.flixtube",
            "module.gateway-microservice.null_resource.docker_build",
            "module.gateway-microservice.null_resource.docker_login"
          ]
        }
      ]
    },
    {
      "module": "module.history-microservice",
      "mode": "managed",
      "type": "kubernetes_deployment",
      "name": "service_deployment",
      "provider": "provider[\"registry.terraform.io/hashicorp/kubernetes\"]",
      "instances": [
        {
          "schema_version": 1,
          "attributes": {
            "id": "default/history",
            "metadata": [
              {
                "annotations": null,
                "generate_name": "",
                "generation": 1,
                "labels": {
                  "pod": "history"
                },
                "name": "history",
                "namespace": "default",
                "resource_version": "1605",
                "uid": "86044676-a9c9-482b-b2f6-fc619f4f6202"
              }
            ],
            "spec": [
              {
                "min_ready_seconds": 0,
                "paused": false,
                "progress_deadline_seconds": 600,
                "replicas": "1",
                "revision_history_limit": 10,
                "selector": [
                  {
                    "match_expressions": [],
                    "match_labels": {
                      "pod": "history"
                    }
                  }
                ],
                "strategy": [
                  {
                    "rolling_update": [
                      {
                        "max_surge": "25%",
                        "max_unavailable": "25%"
                      }
                    ],
                    "type": "RollingUpdate"
                  }
                ],
                "template": [
                  {
                    "metadata": [
                      {
                        "annotations": null,
                        "generate_name": "",
                        "generation": 0,
                        "labels": {
                          "pod": "history"
                        },
                        "name": "",
                        "namespace": "",
                        "resource_version": "",
                        "uid": ""
                      }
                    ],
                    "spec": [
                      {
                        "active_deadline_seconds": 0,
                        "affinity": [],
                        "automount_service_account_token": true,
                        "container": [
                          {
                            "args": null,
                            "command": null,
                            "env": [
                              {
                                "name": "PORT",
                                "value": "80",
                                "value_from": []
                              },
                              {
                                "name": "DBHOST",
                                "value": "mongodb://db:27017",
                                "value_from": []
                              },
                              {
                                "name": "DBNAME",
                                "value": "history",
                                "value_from": []
                              },
                              {
                                "name": "RABBIT",
                                "value": "amqp://guest:guest@rabbit:5672",
                                "value_from": []
                              }
                            ],
                            "env_from": [],
                            "image": "chapter9softarch.azurecr.io/history:10",
                            "image_pull_policy": "IfNotPresent",
                            "lifecycle": [],
                            "liveness_probe": [],
                            "name": "history",
                            "port": [],
                            "readiness_probe": [],
                            "resources": [
                              {
                                "limits": {},
                                "requests": {}
                              }
                            ],
                            "security_context": [],
                            "startup_probe": [],
                            "stdin": false,
                            "stdin_once": false,
                            "termination_message_path": "/dev/termination-log",
                            "termination_message_policy": "File",
                            "tty": false,
                            "volume_mount": [],
                            "working_dir": ""
                          }
                        ],
                        "dns_config": [],
                        "dns_policy": "ClusterFirst",
                        "enable_service_links": true,
                        "host_aliases": [],
                        "host_ipc": false,
                        "host_network": false,
                        "host_pid": false,
                        "hostname": "",
                        "image_pull_secrets": [
                          {
                            "name": "history-docker-credentials"
                          }
                        ],
                        "init_container": [],
                        "node_name": "",
                        "node_selector": null,
                        "priority_class_name": "",
                        "readiness_gate": [],
                        "restart_policy": "Always",
                        "runtime_class_name": "",
                        "security_context": [],
                        "service_account_name": "",
                        "share_process_namespace": false,
                        "subdomain": "",
                        "termination_grace_period_seconds": 30,
                        "toleration": [],
                        "topology_spread_constraint": [],
                        "volume": []
                      }
                    ]
                  }
                ]
              }
            ],
            "timeouts": null,
            "wait_for_rollout": true
          },
          "sensitive_attributes": [],
          "private": "eyJlMmJmYjczMC1lY2FhLTExZTYtOGY4OC0zNDM2M2JjN2M0YzAiOnsiY3JlYXRlIjo2MDAwMDAwMDAwMDAsImRlbGV0ZSI6NjAwMDAwMDAwMDAwLCJ1cGRhdGUiOjYwMDAwMDAwMDAwMH0sInNjaGVtYV92ZXJzaW9uIjoiMSJ9",
          "dependencies": [
            "azurerm_container_registry.container_registry",
            "azurerm_kubernetes_cluster.cluster",
            "azurerm_resource_group.flixtube",
            "module.history-microservice.kubernetes_secret.docker_credentials",
            "module.history-microservice.null_resource.docker_build",
            "module.history-microservice.null_resource.docker_login",
            "module.history-microservice.null_resource.docker_push",
            "tls_private_key.key"
          ]
        }
      ]
    },
    {
      "module": "module.history-microservice",
      "mode": "managed",
      "type": "kubernetes_secret",
      "name": "docker_credentials",
      "provider": "provider[\"registry.terraform.io/hashicorp/kubernetes\"]",
      "instances": [
        {
          "schema_version": 0,
          "attributes": {
            "binary_data": null,
            "data": {
              ".dockerconfigjson": "{\"auths\":{\"chapter9softarch.azurecr.io\":{\"auth\":\"Y2hhcHRlcjlzb2Z0YXJjaDpCVTlndllYVWdCcldXbEhuTThxcHFLNVNMdmx5djRLcDdjNVRRMFlmN2grQUNSQWZ5ZUwz\"}}}"
            },
            "id": "default/history-docker-credentials",
            "immutable": false,
            "metadata": [
              {
                "annotations": null,
                "generate_name": "",
                "generation": 0,
                "labels": null,
                "name": "history-docker-credentials",
                "namespace": "default",
                "resource_version": "1351",
                "uid": "e04e8c9b-3c8b-4381-bd3e-34caba67f4d1"
              }
            ],
            "timeouts": null,
            "type": "kubernetes.io/dockerconfigjson",
            "wait_for_service_account_token": true
          },
          "sensitive_attributes": [
            [
              {
                "type": "get_attr",
                "value": "data"
              },
              {
                "type": "index",
                "value": {
                  "value": ".dockerconfigjson",
                  "type": "string"
                }
              }
            ]
          ],
          "private": "eyJlMmJmYjczMC1lY2FhLTExZTYtOGY4OC0zNDM2M2JjN2M0YzAiOnsiY3JlYXRlIjo2MDAwMDAwMDAwMH19",
          "dependencies": [
            "azurerm_container_registry.container_registry",
            "azurerm_kubernetes_cluster.cluster",
            "azurerm_resource_group.flixtube",
            "tls_private_key.key"
          ]
        }
      ]
    },
    {
      "module": "module.history-microservice",
      "mode": "managed",
      "type": "kubernetes_service",
      "name": "service",
      "provider": "provider[\"registry.terraform.io/hashicorp/kubernetes\"]",
      "instances": [
        {
          "schema_version": 1,
          "attributes": {
            "id": "default/history",
            "metadata": [
              {
                "annotations": null,
                "generate_name": "",
                "generation": 0,
                "labels": null,
                "name": "history",
                "namespace": "default",
                "resource_version": "1651",
                "uid": "bc85a4e3-f13b-4900-9b00-488cedca35ac"
              }
            ],
            "spec": [
              {
                "allocate_load_balancer_node_ports": true,
                "cluster_ip": "10.0.77.51",
                "cluster_ips": [
                  "10.0.77.51"
                ],
                "external_ips": null,
                "external_name": "",
                "external_traffic_policy": "",
                "health_check_node_port": 0,
                "internal_traffic_policy": "Cluster",
                "ip_families": [
                  "IPv4"
                ],
                "ip_family_policy": "SingleStack",
                "load_balancer_class": "",
                "load_balancer_ip": "",
                "load_balancer_source_ranges": null,
                "port": [
                  {
                    "app_protocol": "",
                    "name": "",
                    "node_port": 0,
                    "port": 80,
                    "protocol": "TCP",
                    "target_port": "80"
                  }
                ],
                "publish_not_ready_addresses": false,
                "selector": {
                  "pod": "history"
                },
                "session_affinity": "ClientIP",
                "session_affinity_config": [
                  {
                    "client_ip": [
                      {
                        "timeout_seconds": 10800
                      }
                    ]
                  }
                ],
                "type": "ClusterIP"
              }
            ],
            "status": [
              {
                "load_balancer": [
                  {
                    "ingress": []
                  }
                ]
              }
            ],
            "timeouts": null,
            "wait_for_load_balancer": true
          },
          "sensitive_attributes": [],
          "private": "eyJlMmJmYjczMC1lY2FhLTExZTYtOGY4OC0zNDM2M2JjN2M0YzAiOnsiY3JlYXRlIjo2MDAwMDAwMDAwMDB9LCJzY2hlbWFfdmVyc2lvbiI6IjEifQ==",
          "dependencies": [
            "azurerm_container_registry.container_registry",
            "azurerm_kubernetes_cluster.cluster",
            "azurerm_resource_group.flixtube",
            "module.history-microservice.kubernetes_deployment.service_deployment",
            "module.history-microservice.kubernetes_secret.docker_credentials",
            "module.history-microservice.null_resource.docker_build",
            "module.history-microservice.null_resource.docker_login",
            "module.history-microservice.null_resource.docker_push",
            "tls_private_key.key"
          ]
        }
      ]
    },
    {
      "module": "module.history-microservice",
      "mode": "managed",
      "type": "null_resource",
      "name": "docker_build",
      "provider": "provider[\"registry.terraform.io/hashicorp/null\"]",
      "instances": [
        {
          "schema_version": 0,
          "attributes": {
            "id": "724001722670914900",
            "triggers": {
              "always_run": "2023-02-16T03:22:40Z"
            }
          },
          "sensitive_attributes": [],
          "dependencies": [
            "azurerm_container_registry.container_registry",
            "azurerm_resource_group.flixtube"
          ]
        }
      ]
    },
    {
      "module": "module.history-microservice",
      "mode": "managed",
      "type": "null_resource",
      "name": "docker_login",
      "provider": "provider[\"registry.terraform.io/hashicorp/null\"]",
      "instances": [
        {
          "schema_version": 0,
          "attributes": {
            "id": "7227600857128954611",
            "triggers": {
              "always_run": "2023-02-16T03:22:57Z"
            }
          },
          "sensitive_attributes": [],
          "dependencies": [
            "azurerm_container_registry.container_registry",
            "azurerm_resource_group.flixtube",
            "module.history-microservice.null_resource.docker_build"
          ]
        }
      ]
    },
    {
      "module": "module.history-microservice",
      "mode": "managed",
      "type": "null_resource",
      "name": "docker_push",
      "provider": "provider[\"registry.terraform.io/hashicorp/null\"]",
      "instances": [
        {
          "schema_version": 0,
          "attributes": {
            "id": "604145301880331809",
            "triggers": {
              "always_run": "2023-02-16T03:22:59Z"
            }
          },
          "sensitive_attributes": [],
          "dependencies": [
            "azurerm_container_registry.container_registry",
            "azurerm_resource_group.flixtube",
            "module.history-microservice.null_resource.docker_build",
            "module.history-microservice.null_resource.docker_login"
          ]
        }
      ]
    },
    {
      "module": "module.metadata-microservice",
      "mode": "managed",
      "type": "kubernetes_deployment",
      "name": "service_deployment",
      "provider": "provider[\"registry.terraform.io/hashicorp/kubernetes\"]",
      "instances": [
        {
          "schema_version": 1,
          "attributes": {
            "id": "default/metadata",
            "metadata": [
              {
                "annotations": null,
                "generate_name": "",
                "generation": 1,
                "labels": {
                  "pod": "metadata"
                },
                "name": "metadata",
                "namespace": "default",
                "resource_version": "1707",
                "uid": "f43a7ece-781d-4b37-852c-df4775f98916"
              }
            ],
            "spec": [
              {
                "min_ready_seconds": 0,
                "paused": false,
                "progress_deadline_seconds": 600,
                "replicas": "1",
                "revision_history_limit": 10,
                "selector": [
                  {
                    "match_expressions": [],
                    "match_labels": {
                      "pod": "metadata"
                    }
                  }
                ],
                "strategy": [
                  {
                    "rolling_update": [
                      {
                        "max_surge": "25%",
                        "max_unavailable": "25%"
                      }
                    ],
                    "type": "RollingUpdate"
                  }
                ],
                "template": [
                  {
                    "metadata": [
                      {
                        "annotations": null,
                        "generate_name": "",
                        "generation": 0,
                        "labels": {
                          "pod": "metadata"
                        },
                        "name": "",
                        "namespace": "",
                        "resource_version": "",
                        "uid": ""
                      }
                    ],
                    "spec": [
                      {
                        "active_deadline_seconds": 0,
                        "affinity": [],
                        "automount_service_account_token": true,
                        "container": [
                          {
                            "args": null,
                            "command": null,
                            "env": [
                              {
                                "name": "PORT",
                                "value": "80",
                                "value_from": []
                              },
                              {
                                "name": "DBHOST",
                                "value": "mongodb://db:27017",
                                "value_from": []
                              },
                              {
                                "name": "DBNAME",
                                "value": "metadata",
                                "value_from": []
                              },
                              {
                                "name": "RABBIT",
                                "value": "amqp://guest:guest@rabbit:5672",
                                "value_from": []
                              }
                            ],
                            "env_from": [],
                            "image": "chapter9softarch.azurecr.io/metadata:10",
                            "image_pull_policy": "IfNotPresent",
                            "lifecycle": [],
                            "liveness_probe": [],
                            "name": "metadata",
                            "port": [],
                            "readiness_probe": [],
                            "resources": [
                              {
                                "limits": {},
                                "requests": {}
                              }
                            ],
                            "security_context": [],
                            "startup_probe": [],
                            "stdin": false,
                            "stdin_once": false,
                            "termination_message_path": "/dev/termination-log",
                            "termination_message_policy": "File",
                            "tty": false,
                            "volume_mount": [],
                            "working_dir": ""
                          }
                        ],
                        "dns_config": [],
                        "dns_policy": "ClusterFirst",
                        "enable_service_links": true,
                        "host_aliases": [],
                        "host_ipc": false,
                        "host_network": false,
                        "host_pid": false,
                        "hostname": "",
                        "image_pull_secrets": [
                          {
                            "name": "metadata-docker-credentials"
                          }
                        ],
                        "init_container": [],
                        "node_name": "",
                        "node_selector": null,
                        "priority_class_name": "",
                        "readiness_gate": [],
                        "restart_policy": "Always",
                        "runtime_class_name": "",
                        "security_context": [],
                        "service_account_name": "",
                        "share_process_namespace": false,
                        "subdomain": "",
                        "termination_grace_period_seconds": 30,
                        "toleration": [],
                        "topology_spread_constraint": [],
                        "volume": []
                      }
                    ]
                  }
                ]
              }
            ],
            "timeouts": null,
            "wait_for_rollout": true
          },
          "sensitive_attributes": [],
          "private": "eyJlMmJmYjczMC1lY2FhLTExZTYtOGY4OC0zNDM2M2JjN2M0YzAiOnsiY3JlYXRlIjo2MDAwMDAwMDAwMDAsImRlbGV0ZSI6NjAwMDAwMDAwMDAwLCJ1cGRhdGUiOjYwMDAwMDAwMDAwMH0sInNjaGVtYV92ZXJzaW9uIjoiMSJ9",
          "dependencies": [
            "azurerm_container_registry.container_registry",
            "azurerm_kubernetes_cluster.cluster",
            "azurerm_resource_group.flixtube",
            "module.metadata-microservice.kubernetes_secret.docker_credentials",
            "module.metadata-microservice.null_resource.docker_build",
            "module.metadata-microservice.null_resource.docker_login",
            "module.metadata-microservice.null_resource.docker_push",
            "tls_private_key.key"
          ]
        }
      ]
    },
    {
      "module": "module.metadata-microservice",
      "mode": "managed",
      "type": "kubernetes_secret",
      "name": "docker_credentials",
      "provider": "provider[\"registry.terraform.io/hashicorp/kubernetes\"]",
      "instances": [
        {
          "schema_version": 0,
          "attributes": {
            "binary_data": null,
            "data": {
              ".dockerconfigjson": "{\"auths\":{\"chapter9softarch.azurecr.io\":{\"auth\":\"Y2hhcHRlcjlzb2Z0YXJjaDpCVTlndllYVWdCcldXbEhuTThxcHFLNVNMdmx5djRLcDdjNVRRMFlmN2grQUNSQWZ5ZUwz\"}}}"
            },
            "id": "default/metadata-docker-credentials",
            "immutable": false,
            "metadata": [
              {
                "annotations": null,
                "generate_name": "",
                "generation": 0,
                "labels": null,
                "name": "metadata-docker-credentials",
                "namespace": "default",
                "resource_version": "1354",
                "uid": "3ed7f6ee-f2e7-4bb0-b41b-dd40c14ece19"
              }
            ],
            "timeouts": null,
            "type": "kubernetes.io/dockerconfigjson",
            "wait_for_service_account_token": true
          },
          "sensitive_attributes": [
            [
              {
                "type": "get_attr",
                "value": "data"
              },
              {
                "type": "index",
                "value": {
                  "value": ".dockerconfigjson",
                  "type": "string"
                }
              }
            ]
          ],
          "private": "eyJlMmJmYjczMC1lY2FhLTExZTYtOGY4OC0zNDM2M2JjN2M0YzAiOnsiY3JlYXRlIjo2MDAwMDAwMDAwMH19",
          "dependencies": [
            "azurerm_container_registry.container_registry",
            "azurerm_kubernetes_cluster.cluster",
            "azurerm_resource_group.flixtube",
            "tls_private_key.key"
          ]
        }
      ]
    },
    {
      "module": "module.metadata-microservice",
      "mode": "managed",
      "type": "kubernetes_service",
      "name": "service",
      "provider": "provider[\"registry.terraform.io/hashicorp/kubernetes\"]",
      "instances": [
        {
          "schema_version": 1,
          "attributes": {
            "id": "default/metadata",
            "metadata": [
              {
                "annotations": null,
                "generate_name": "",
                "generation": 0,
                "labels": null,
                "name": "metadata",
                "namespace": "default",
                "resource_version": "1717",
                "uid": "2a16a125-d73c-4fc2-9e0a-168ea08eaea5"
              }
            ],
            "spec": [
              {
                "allocate_load_balancer_node_ports": true,
                "cluster_ip": "10.0.54.195",
                "cluster_ips": [
                  "10.0.54.195"
                ],
                "external_ips": null,
                "external_name": "",
                "external_traffic_policy": "",
                "health_check_node_port": 0,
                "internal_traffic_policy": "Cluster",
                "ip_families": [
                  "IPv4"
                ],
                "ip_family_policy": "SingleStack",
                "load_balancer_class": "",
                "load_balancer_ip": "",
                "load_balancer_source_ranges": null,
                "port": [
                  {
                    "app_protocol": "",
                    "name": "",
                    "node_port": 0,
                    "port": 80,
                    "protocol": "TCP",
                    "target_port": "80"
                  }
                ],
                "publish_not_ready_addresses": false,
                "selector": {
                  "pod": "metadata"
                },
                "session_affinity": "ClientIP",
                "session_affinity_config": [
                  {
                    "client_ip": [
                      {
                        "timeout_seconds": 10800
                      }
                    ]
                  }
                ],
                "type": "ClusterIP"
              }
            ],
            "status": [
              {
                "load_balancer": [
                  {
                    "ingress": []
                  }
                ]
              }
            ],
            "timeouts": null,
            "wait_for_load_balancer": true
          },
          "sensitive_attributes": [],
          "private": "eyJlMmJmYjczMC1lY2FhLTExZTYtOGY4OC0zNDM2M2JjN2M0YzAiOnsiY3JlYXRlIjo2MDAwMDAwMDAwMDB9LCJzY2hlbWFfdmVyc2lvbiI6IjEifQ==",
          "dependencies": [
            "azurerm_container_registry.container_registry",
            "azurerm_kubernetes_cluster.cluster",
            "azurerm_resource_group.flixtube",
            "module.metadata-microservice.kubernetes_deployment.service_deployment",
            "module.metadata-microservice.kubernetes_secret.docker_credentials",
            "module.metadata-microservice.null_resource.docker_build",
            "module.metadata-microservice.null_resource.docker_login",
            "module.metadata-microservice.null_resource.docker_push",
            "tls_private_key.key"
          ]
        }
      ]
    },
    {
      "module": "module.metadata-microservice",
      "mode": "managed",
      "type": "null_resource",
      "name": "docker_build",
      "provider": "provider[\"registry.terraform.io/hashicorp/null\"]",
      "instances": [
        {
          "schema_version": 0,
          "attributes": {
            "id": "739911567438987946",
            "triggers": {
              "always_run": "2023-02-16T03:22:40Z"
            }
          },
          "sensitive_attributes": [],
          "dependencies": [
            "azurerm_container_registry.container_registry",
            "azurerm_resource_group.flixtube"
          ]
        }
      ]
    },
    {
      "module": "module.metadata-microservice",
      "mode": "managed",
      "type": "null_resource",
      "name": "docker_login",
      "provider": "provider[\"registry.terraform.io/hashicorp/null\"]",
      "instances": [
        {
          "schema_version": 0,
          "attributes": {
            "id": "8405992783526757525",
            "triggers": {
              "always_run": "2023-02-16T03:22:59Z"
            }
          },
          "sensitive_attributes": [],
          "dependencies": [
            "azurerm_container_registry.container_registry",
            "azurerm_resource_group.flixtube",
            "module.metadata-microservice.null_resource.docker_build"
          ]
        }
      ]
    },
    {
      "module": "module.metadata-microservice",
      "mode": "managed",
      "type": "null_resource",
      "name": "docker_push",
      "provider": "provider[\"registry.terraform.io/hashicorp/null\"]",
      "instances": [
        {
          "schema_version": 0,
          "attributes": {
            "id": "4994576669872367874",
            "triggers": {
              "always_run": "2023-02-16T03:23:01Z"
            }
          },
          "sensitive_attributes": [],
          "dependencies": [
            "azurerm_container_registry.container_registry",
            "azurerm_resource_group.flixtube",
            "module.metadata-microservice.null_resource.docker_build",
            "module.metadata-microservice.null_resource.docker_login"
          ]
        }
      ]
    },
    {
      "module": "module.video-streaming-microservice",
      "mode": "managed",
      "type": "kubernetes_deployment",
      "name": "service_deployment",
      "provider": "provider[\"registry.terraform.io/hashicorp/kubernetes\"]",
      "instances": [
        {
          "schema_version": 1,
          "attributes": {
            "id": "default/video-streaming",
            "metadata": [
              {
                "annotations": null,
                "generate_name": "",
                "generation": 1,
                "labels": {
                  "pod": "video-streaming"
                },
                "name": "video-streaming",
                "namespace": "default",
                "resource_version": "1612",
                "uid": "55e8e7f6-9380-4b1e-9c89-542832848a6e"
              }
            ],
            "spec": [
              {
                "min_ready_seconds": 0,
                "paused": false,
                "progress_deadline_seconds": 600,
                "replicas": "1",
                "revision_history_limit": 10,
                "selector": [
                  {
                    "match_expressions": [],
                    "match_labels": {
                      "pod": "video-streaming"
                    }
                  }
                ],
                "strategy": [
                  {
                    "rolling_update": [
                      {
                        "max_surge": "25%",
                        "max_unavailable": "25%"
                      }
                    ],
                    "type": "RollingUpdate"
                  }
                ],
                "template": [
                  {
                    "metadata": [
                      {
                        "annotations": null,
                        "generate_name": "",
                        "generation": 0,
                        "labels": {
                          "pod": "video-streaming"
                        },
                        "name": "",
                        "namespace": "",
                        "resource_version": "",
                        "uid": ""
                      }
                    ],
                    "spec": [
                      {
                        "active_deadline_seconds": 0,
                        "affinity": [],
                        "automount_service_account_token": true,
                        "container": [
                          {
                            "args": null,
                            "command": null,
                            "env": [
                              {
                                "name": "PORT",
                                "value": "80",
                                "value_from": []
                              },
                              {
                                "name": "RABBIT",
                                "value": "amqp://guest:guest@rabbit:5672",
                                "value_from": []
                              }
                            ],
                            "env_from": [],
                            "image": "chapter9softarch.azurecr.io/video-streaming:10",
                            "image_pull_policy": "IfNotPresent",
                            "lifecycle": [],
                            "liveness_probe": [],
                            "name": "video-streaming",
                            "port": [],
                            "readiness_probe": [],
                            "resources": [
                              {
                                "limits": {},
                                "requests": {}
                              }
                            ],
                            "security_context": [],
                            "startup_probe": [],
                            "stdin": false,
                            "stdin_once": false,
                            "termination_message_path": "/dev/termination-log",
                            "termination_message_policy": "File",
                            "tty": false,
                            "volume_mount": [],
                            "working_dir": ""
                          }
                        ],
                        "dns_config": [],
                        "dns_policy": "ClusterFirst",
                        "enable_service_links": true,
                        "host_aliases": [],
                        "host_ipc": false,
                        "host_network": false,
                        "host_pid": false,
                        "hostname": "",
                        "image_pull_secrets": [
                          {
                            "name": "video-streaming-docker-credentials"
                          }
                        ],
                        "init_container": [],
                        "node_name": "",
                        "node_selector": null,
                        "priority_class_name": "",
                        "readiness_gate": [],
                        "restart_policy": "Always",
                        "runtime_class_name": "",
                        "security_context": [],
                        "service_account_name": "",
                        "share_process_namespace": false,
                        "subdomain": "",
                        "termination_grace_period_seconds": 30,
                        "toleration": [],
                        "topology_spread_constraint": [],
                        "volume": []
                      }
                    ]
                  }
                ]
              }
            ],
            "timeouts": null,
            "wait_for_rollout": true
          },
          "sensitive_attributes": [],
          "private": "eyJlMmJmYjczMC1lY2FhLTExZTYtOGY4OC0zNDM2M2JjN2M0YzAiOnsiY3JlYXRlIjo2MDAwMDAwMDAwMDAsImRlbGV0ZSI6NjAwMDAwMDAwMDAwLCJ1cGRhdGUiOjYwMDAwMDAwMDAwMH0sInNjaGVtYV92ZXJzaW9uIjoiMSJ9",
          "dependencies": [
            "azurerm_container_registry.container_registry",
            "azurerm_kubernetes_cluster.cluster",
            "azurerm_resource_group.flixtube",
            "module.video-streaming-microservice.kubernetes_secret.docker_credentials",
            "module.video-streaming-microservice.null_resource.docker_build",
            "module.video-streaming-microservice.null_resource.docker_login",
            "module.video-streaming-microservice.null_resource.docker_push",
            "tls_private_key.key"
          ]
        }
      ]
    },
    {
      "module": "module.video-streaming-microservice",
      "mode": "managed",
      "type": "kubernetes_secret",
      "name": "docker_credentials",
      "provider": "provider[\"registry.terraform.io/hashicorp/kubernetes\"]",
      "instances": [
        {
          "schema_version": 0,
          "attributes": {
            "binary_data": null,
            "data": {
              ".dockerconfigjson": "{\"auths\":{\"chapter9softarch.azurecr.io\":{\"auth\":\"Y2hhcHRlcjlzb2Z0YXJjaDpCVTlndllYVWdCcldXbEhuTThxcHFLNVNMdmx5djRLcDdjNVRRMFlmN2grQUNSQWZ5ZUwz\"}}}"
            },
            "id": "default/video-streaming-docker-credentials",
            "immutable": false,
            "metadata": [
              {
                "annotations": null,
                "generate_name": "",
                "generation": 0,
                "labels": null,
                "name": "video-streaming-docker-credentials",
                "namespace": "default",
                "resource_version": "1355",
                "uid": "7f8da023-1d23-4a59-9e32-0cb49e494c0f"
              }
            ],
            "timeouts": null,
            "type": "kubernetes.io/dockerconfigjson",
            "wait_for_service_account_token": true
          },
          "sensitive_attributes": [
            [
              {
                "type": "get_attr",
                "value": "data"
              },
              {
                "type": "index",
                "value": {
                  "value": ".dockerconfigjson",
                  "type": "string"
                }
              }
            ]
          ],
          "private": "eyJlMmJmYjczMC1lY2FhLTExZTYtOGY4OC0zNDM2M2JjN2M0YzAiOnsiY3JlYXRlIjo2MDAwMDAwMDAwMH19",
          "dependencies": [
            "azurerm_container_registry.container_registry",
            "azurerm_kubernetes_cluster.cluster",
            "azurerm_resource_group.flixtube",
            "tls_private_key.key"
          ]
        }
      ]
    },
    {
      "module": "module.video-streaming-microservice",
      "mode": "managed",
      "type": "kubernetes_service",
      "name": "service",
      "provider": "provider[\"registry.terraform.io/hashicorp/kubernetes\"]",
      "instances": [
        {
          "schema_version": 1,
          "attributes": {
            "id": "default/video-streaming",
            "metadata": [
              {
                "annotations": null,
                "generate_name": "",
                "generation": 0,
                "labels": null,
                "name": "video-streaming",
                "namespace": "default",
                "resource_version": "1649",
                "uid": "ac17c5e2-0038-45fe-aa59-435f091a1da5"
              }
            ],
            "spec": [
              {
                "allocate_load_balancer_node_ports": true,
                "cluster_ip": "10.0.252.235",
                "cluster_ips": [
                  "10.0.252.235"
                ],
                "external_ips": null,
                "external_name": "",
                "external_traffic_policy": "",
                "health_check_node_port": 0,
                "internal_traffic_policy": "Cluster",
                "ip_families": [
                  "IPv4"
                ],
                "ip_family_policy": "SingleStack",
                "load_balancer_class": "",
                "load_balancer_ip": "",
                "load_balancer_source_ranges": null,
                "port": [
                  {
                    "app_protocol": "",
                    "name": "",
                    "node_port": 0,
                    "port": 80,
                    "protocol": "TCP",
                    "target_port": "80"
                  }
                ],
                "publish_not_ready_addresses": false,
                "selector": {
                  "pod": "video-streaming"
                },
                "session_affinity": "ClientIP",
                "session_affinity_config": [
                  {
                    "client_ip": [
                      {
                        "timeout_seconds": 10800
                      }
                    ]
                  }
                ],
                "type": "ClusterIP"
              }
            ],
            "status": [
              {
                "load_balancer": [
                  {
                    "ingress": []
                  }
                ]
              }
            ],
            "timeouts": null,
            "wait_for_load_balancer": true
          },
          "sensitive_attributes": [],
          "private": "eyJlMmJmYjczMC1lY2FhLTExZTYtOGY4OC0zNDM2M2JjN2M0YzAiOnsiY3JlYXRlIjo2MDAwMDAwMDAwMDB9LCJzY2hlbWFfdmVyc2lvbiI6IjEifQ==",
          "dependencies": [
            "azurerm_container_registry.container_registry",
            "azurerm_kubernetes_cluster.cluster",
            "azurerm_resource_group.flixtube",
            "module.video-streaming-microservice.kubernetes_deployment.service_deployment",
            "module.video-streaming-microservice.kubernetes_secret.docker_credentials",
            "module.video-streaming-microservice.null_resource.docker_build",
            "module.video-streaming-microservice.null_resource.docker_login",
            "module.video-streaming-microservice.null_resource.docker_push",
            "tls_private_key.key"
          ]
        }
      ]
    },
    {
      "module": "module.video-streaming-microservice",
      "mode": "managed",
      "type": "null_resource",
      "name": "docker_build",
      "provider": "provider[\"registry.terraform.io/hashicorp/null\"]",
      "instances": [
        {
          "schema_version": 0,
          "attributes": {
            "id": "8357075807618840207",
            "triggers": {
              "always_run": "2023-02-16T03:22:40Z"
            }
          },
          "sensitive_attributes": [],
          "dependencies": [
            "azurerm_container_registry.container_registry",
            "azurerm_resource_group.flixtube"
          ]
        }
      ]
    },
    {
      "module": "module.video-streaming-microservice",
      "mode": "managed",
      "type": "null_resource",
      "name": "docker_login",
      "provider": "provider[\"registry.terraform.io/hashicorp/null\"]",
      "instances": [
        {
          "schema_version": 0,
          "attributes": {
            "id": "9028032409304697193",
            "triggers": {
              "always_run": "2023-02-16T03:22:57Z"
            }
          },
          "sensitive_attributes": [],
          "dependencies": [
            "azurerm_container_registry.container_registry",
            "azurerm_resource_group.flixtube",
            "module.video-streaming-microservice.null_resource.docker_build"
          ]
        }
      ]
    },
    {
      "module": "module.video-streaming-microservice",
      "mode": "managed",
      "type": "null_resource",
      "name": "docker_push",
      "provider": "provider[\"registry.terraform.io/hashicorp/null\"]",
      "instances": [
        {
          "schema_version": 0,
          "attributes": {
            "id": "6197426190986633976",
            "triggers": {
              "always_run": "2023-02-16T03:22:59Z"
            }
          },
          "sensitive_attributes": [],
          "dependencies": [
            "azurerm_container_registry.container_registry",
            "azurerm_resource_group.flixtube",
            "module.video-streaming-microservice.null_resource.docker_build",
            "module.video-streaming-microservice.null_resource.docker_login"
          ]
        }
      ]
    },
    {
      "module": "module.video-upload-microservice",
      "mode": "managed",
      "type": "kubernetes_deployment",
      "name": "service_deployment",
      "provider": "provider[\"registry.terraform.io/hashicorp/kubernetes\"]",
      "instances": [
        {
          "schema_version": 1,
          "attributes": {
            "id": "default/video-upload",
            "metadata": [
              {
                "annotations": null,
                "generate_name": "",
                "generation": 1,
                "labels": {
                  "pod": "video-upload"
                },
                "name": "video-upload",
                "namespace": "default",
                "resource_version": "1685",
                "uid": "71ecc13d-93e7-4db2-a746-643ef3bb5059"
              }
            ],
            "spec": [
              {
                "min_ready_seconds": 0,
                "paused": false,
                "progress_deadline_seconds": 600,
                "replicas": "1",
                "revision_history_limit": 10,
                "selector": [
                  {
                    "match_expressions": [],
                    "match_labels": {
                      "pod": "video-upload"
                    }
                  }
                ],
                "strategy": [
                  {
                    "rolling_update": [
                      {
                        "max_surge": "25%",
                        "max_unavailable": "25%"
                      }
                    ],
                    "type": "RollingUpdate"
                  }
                ],
                "template": [
                  {
                    "metadata": [
                      {
                        "annotations": null,
                        "generate_name": "",
                        "generation": 0,
                        "labels": {
                          "pod": "video-upload"
                        },
                        "name": "",
                        "namespace": "",
                        "resource_version": "",
                        "uid": ""
                      }
                    ],
                    "spec": [
                      {
                        "active_deadline_seconds": 0,
                        "affinity": [],
                        "automount_service_account_token": true,
                        "container": [
                          {
                            "args": null,
                            "command": null,
                            "env": [
                              {
                                "name": "PORT",
                                "value": "80",
                                "value_from": []
                              },
                              {
                                "name": "RABBIT",
                                "value": "amqp://guest:guest@rabbit:5672",
                                "value_from": []
                              }
                            ],
                            "env_from": [],
                            "image": "chapter9softarch.azurecr.io/video-upload:10",
                            "image_pull_policy": "IfNotPresent",
                            "lifecycle": [],
                            "liveness_probe": [],
                            "name": "video-upload",
                            "port": [],
                            "readiness_probe": [],
                            "resources": [
                              {
                                "limits": {},
                                "requests": {}
                              }
                            ],
                            "security_context": [],
                            "startup_probe": [],
                            "stdin": false,
                            "stdin_once": false,
                            "termination_message_path": "/dev/termination-log",
                            "termination_message_policy": "File",
                            "tty": false,
                            "volume_mount": [],
                            "working_dir": ""
                          }
                        ],
                        "dns_config": [],
                        "dns_policy": "ClusterFirst",
                        "enable_service_links": true,
                        "host_aliases": [],
                        "host_ipc": false,
                        "host_network": false,
                        "host_pid": false,
                        "hostname": "",
                        "image_pull_secrets": [
                          {
                            "name": "video-upload-docker-credentials"
                          }
                        ],
                        "init_container": [],
                        "node_name": "",
                        "node_selector": null,
                        "priority_class_name": "",
                        "readiness_gate": [],
                        "restart_policy": "Always",
                        "runtime_class_name": "",
                        "security_context": [],
                        "service_account_name": "",
                        "share_process_namespace": false,
                        "subdomain": "",
                        "termination_grace_period_seconds": 30,
                        "toleration": [],
                        "topology_spread_constraint": [],
                        "volume": []
                      }
                    ]
                  }
                ]
              }
            ],
            "timeouts": null,
            "wait_for_rollout": true
          },
          "sensitive_attributes": [],
          "private": "eyJlMmJmYjczMC1lY2FhLTExZTYtOGY4OC0zNDM2M2JjN2M0YzAiOnsiY3JlYXRlIjo2MDAwMDAwMDAwMDAsImRlbGV0ZSI6NjAwMDAwMDAwMDAwLCJ1cGRhdGUiOjYwMDAwMDAwMDAwMH0sInNjaGVtYV92ZXJzaW9uIjoiMSJ9",
          "dependencies": [
            "azurerm_container_registry.container_registry",
            "azurerm_kubernetes_cluster.cluster",
            "azurerm_resource_group.flixtube",
            "module.video-upload-microservice.kubernetes_secret.docker_credentials",
            "module.video-upload-microservice.null_resource.docker_build",
            "module.video-upload-microservice.null_resource.docker_login",
            "module.video-upload-microservice.null_resource.docker_push",
            "tls_private_key.key"
          ]
        }
      ]
    },
    {
      "module": "module.video-upload-microservice",
      "mode": "managed",
      "type": "kubernetes_secret",
      "name": "docker_credentials",
      "provider": "provider[\"registry.terraform.io/hashicorp/kubernetes\"]",
      "instances": [
        {
          "schema_version": 0,
          "attributes": {
            "binary_data": null,
            "data": {
              ".dockerconfigjson": "{\"auths\":{\"chapter9softarch.azurecr.io\":{\"auth\":\"Y2hhcHRlcjlzb2Z0YXJjaDpCVTlndllYVWdCcldXbEhuTThxcHFLNVNMdmx5djRLcDdjNVRRMFlmN2grQUNSQWZ5ZUwz\"}}}"
            },
            "id": "default/video-upload-docker-credentials",
            "immutable": false,
            "metadata": [
              {
                "annotations": null,
                "generate_name": "",
                "generation": 0,
                "labels": null,
                "name": "video-upload-docker-credentials",
                "namespace": "default",
                "resource_version": "1352",
                "uid": "e9d07103-6321-41f0-b1ec-394754fdf397"
              }
            ],
            "timeouts": null,
            "type": "kubernetes.io/dockerconfigjson",
            "wait_for_service_account_token": true
          },
          "sensitive_attributes": [
            [
              {
                "type": "get_attr",
                "value": "data"
              },
              {
                "type": "index",
                "value": {
                  "value": ".dockerconfigjson",
                  "type": "string"
                }
              }
            ]
          ],
          "private": "eyJlMmJmYjczMC1lY2FhLTExZTYtOGY4OC0zNDM2M2JjN2M0YzAiOnsiY3JlYXRlIjo2MDAwMDAwMDAwMH19",
          "dependencies": [
            "azurerm_container_registry.container_registry",
            "azurerm_kubernetes_cluster.cluster",
            "azurerm_resource_group.flixtube",
            "tls_private_key.key"
          ]
        }
      ]
    },
    {
      "module": "module.video-upload-microservice",
      "mode": "managed",
      "type": "kubernetes_service",
      "name": "service",
      "provider": "provider[\"registry.terraform.io/hashicorp/kubernetes\"]",
      "instances": [
        {
          "schema_version": 1,
          "attributes": {
            "id": "default/video-upload",
            "metadata": [
              {
                "annotations": null,
                "generate_name": "",
                "generation": 0,
                "labels": null,
                "name": "video-upload",
                "namespace": "default",
                "resource_version": "1715",
                "uid": "9d95293a-7029-4d08-aca2-204beafe6d0f"
              }
            ],
            "spec": [
              {
                "allocate_load_balancer_node_ports": true,
                "cluster_ip": "10.0.236.169",
                "cluster_ips": [
                  "10.0.236.169"
                ],
                "external_ips": null,
                "external_name": "",
                "external_traffic_policy": "",
                "health_check_node_port": 0,
                "internal_traffic_policy": "Cluster",
                "ip_families": [
                  "IPv4"
                ],
                "ip_family_policy": "SingleStack",
                "load_balancer_class": "",
                "load_balancer_ip": "",
                "load_balancer_source_ranges": null,
                "port": [
                  {
                    "app_protocol": "",
                    "name": "",
                    "node_port": 0,
                    "port": 80,
                    "protocol": "TCP",
                    "target_port": "80"
                  }
                ],
                "publish_not_ready_addresses": false,
                "selector": {
                  "pod": "video-upload"
                },
                "session_affinity": "ClientIP",
                "session_affinity_config": [
                  {
                    "client_ip": [
                      {
                        "timeout_seconds": 10800
                      }
                    ]
                  }
                ],
                "type": "ClusterIP"
              }
            ],
            "status": [
              {
                "load_balancer": [
                  {
                    "ingress": []
                  }
                ]
              }
            ],
            "timeouts": null,
            "wait_for_load_balancer": true
          },
          "sensitive_attributes": [],
          "private": "eyJlMmJmYjczMC1lY2FhLTExZTYtOGY4OC0zNDM2M2JjN2M0YzAiOnsiY3JlYXRlIjo2MDAwMDAwMDAwMDB9LCJzY2hlbWFfdmVyc2lvbiI6IjEifQ==",
          "dependencies": [
            "azurerm_container_registry.container_registry",
            "azurerm_kubernetes_cluster.cluster",
            "azurerm_resource_group.flixtube",
            "module.video-upload-microservice.kubernetes_deployment.service_deployment",
            "module.video-upload-microservice.kubernetes_secret.docker_credentials",
            "module.video-upload-microservice.null_resource.docker_build",
            "module.video-upload-microservice.null_resource.docker_login",
            "module.video-upload-microservice.null_resource.docker_push",
            "tls_private_key.key"
          ]
        }
      ]
    },
    {
      "module": "module.video-upload-microservice",
      "mode": "managed",
      "type": "null_resource",
      "name": "docker_build",
      "provider": "provider[\"registry.terraform.io/hashicorp/null\"]",
      "instances": [
        {
          "schema_version": 0,
          "attributes": {
            "id": "3933669545422944628",
            "triggers": {
              "always_run": "2023-02-16T03:22:40Z"
            }
          },
          "sensitive_attributes": [],
          "dependencies": [
            "azurerm_container_registry.container_registry",
            "azurerm_resource_group.flixtube"
          ]
        }
      ]
    },
    {
      "module": "module.video-upload-microservice",
      "mode": "managed",
      "type": "null_resource",
      "name": "docker_login",
      "provider": "provider[\"registry.terraform.io/hashicorp/null\"]",
      "instances": [
        {
          "schema_version": 0,
          "attributes": {
            "id": "7776333801092463093",
            "triggers": {
              "always_run": "2023-02-16T03:22:57Z"
            }
          },
          "sensitive_attributes": [],
          "dependencies": [
            "azurerm_container_registry.container_registry",
            "azurerm_resource_group.flixtube",
            "module.video-upload-microservice.null_resource.docker_build"
          ]
        }
      ]
    },
    {
      "module": "module.video-upload-microservice",
      "mode": "managed",
      "type": "null_resource",
      "name": "docker_push",
      "provider": "provider[\"registry.terraform.io/hashicorp/null\"]",
      "instances": [
        {
          "schema_version": 0,
          "attributes": {
            "id": "7027987022499821796",
            "triggers": {
              "always_run": "2023-02-16T03:22:59Z"
            }
          },
          "sensitive_attributes": [],
          "dependencies": [
            "azurerm_container_registry.container_registry",
            "azurerm_resource_group.flixtube",
            "module.video-upload-microservice.null_resource.docker_build",
            "module.video-upload-microservice.null_resource.docker_login"
          ]
        }
      ]
    }
  ],
  "check_results": null
}
